// !$*UTF8*$!
{
	archiveVersion = 1;
	classes = {
	};
	objectVersion = 56;
	objects = {

/* Begin PBXBuildFile section */
		B32CDD6C2C9BC8E000F92244 /* WeeklyNutriAnalysisView.swift in Sources */ = {isa = PBXBuildFile; fileRef = B32CDD6B2C9BC8E000F92244 /* WeeklyNutriAnalysisView.swift */; };
		B32CDD6E2C9BC8F400F92244 /* WeeklyNutriAnalysisCell.swift in Sources */ = {isa = PBXBuildFile; fileRef = B32CDD6D2C9BC8F400F92244 /* WeeklyNutriAnalysisCell.swift */; };
		B32CDD712C9BCD7F00F92244 /* WeeklyNutriModel.swift in Sources */ = {isa = PBXBuildFile; fileRef = B32CDD702C9BCD7F00F92244 /* WeeklyNutriModel.swift */; };
		B32CDD732C9BF02000F92244 /* FirebaseStorage in Frameworks */ = {isa = PBXBuildFile; productRef = B32CDD722C9BF02000F92244 /* FirebaseStorage */; };
		B36C18D12C99D96700D9D1CC /* DashboardVC.swift in Sources */ = {isa = PBXBuildFile; fileRef = B36C18A52C99D96700D9D1CC /* DashboardVC.swift */; };
		B36C18D22C99D96700D9D1CC /* FoodImageClassifier.mlmodel in Sources */ = {isa = PBXBuildFile; fileRef = B36C18A72C99D96700D9D1CC /* FoodImageClassifier.mlmodel */; };
		B36C18D32C99D96700D9D1CC /* FoodRecordModel.swift in Sources */ = {isa = PBXBuildFile; fileRef = B36C18A82C99D96700D9D1CC /* FoodRecordModel.swift */; };
		B36C18D42C99D96700D9D1CC /* NutritionFactsCell.swift in Sources */ = {isa = PBXBuildFile; fileRef = B36C18AA2C99D96700D9D1CC /* NutritionFactsCell.swift */; };
		B36C18D52C99D96700D9D1CC /* NutritionImageCell.swift in Sources */ = {isa = PBXBuildFile; fileRef = B36C18AB2C99D96700D9D1CC /* NutritionImageCell.swift */; };
		B36C18D62C99D96700D9D1CC /* NutritionTitleCell.swift in Sources */ = {isa = PBXBuildFile; fileRef = B36C18AC2C99D96700D9D1CC /* NutritionTitleCell.swift */; };
		B36C18D72C99D96700D9D1CC /* RecordTabBarController.swift in Sources */ = {isa = PBXBuildFile; fileRef = B36C18AD2C99D96700D9D1CC /* RecordTabBarController.swift */; };
		B36C18D82C99D96700D9D1CC /* TextViewCell.swift in Sources */ = {isa = PBXBuildFile; fileRef = B36C18AE2C99D96700D9D1CC /* TextViewCell.swift */; };
		B36C18D92C99D96700D9D1CC /* CameraVC.swift in Sources */ = {isa = PBXBuildFile; fileRef = B36C18B02C99D96700D9D1CC /* CameraVC.swift */; };
		B36C18DA2C99D96700D9D1CC /* CheckVC.swift in Sources */ = {isa = PBXBuildFile; fileRef = B36C18B12C99D96700D9D1CC /* CheckVC.swift */; };
		B36C18DB2C99D96700D9D1CC /* MealSelectionVC.swift in Sources */ = {isa = PBXBuildFile; fileRef = B36C18B22C99D96700D9D1CC /* MealSelectionVC.swift */; };
		B36C18DC2C99D96700D9D1CC /* NutritionVC.swift in Sources */ = {isa = PBXBuildFile; fileRef = B36C18B32C99D96700D9D1CC /* NutritionVC.swift */; };
		B36C18DD2C99D96700D9D1CC /* PhotosVC.swift in Sources */ = {isa = PBXBuildFile; fileRef = B36C18B42C99D96700D9D1CC /* PhotosVC.swift */; };
		B36C18DE2C99D96700D9D1CC /* TextVC.swift in Sources */ = {isa = PBXBuildFile; fileRef = B36C18B52C99D96700D9D1CC /* TextVC.swift */; };
		B36C18DF2C99D96700D9D1CC /* HomeVC.swift in Sources */ = {isa = PBXBuildFile; fileRef = B36C18B82C99D96700D9D1CC /* HomeVC.swift */; };
		B36C18E02C99D96700D9D1CC /* DailyAnalysisView.swift in Sources */ = {isa = PBXBuildFile; fileRef = B36C18B92C99D96700D9D1CC /* DailyAnalysisView.swift */; };
		B36C18E12C99D96700D9D1CC /* WaterCupCell.swift in Sources */ = {isa = PBXBuildFile; fileRef = B36C18BA2C99D96700D9D1CC /* WaterCupCell.swift */; };
		B36C18E22C99D96700D9D1CC /* WaterRecordCell.swift in Sources */ = {isa = PBXBuildFile; fileRef = B36C18BB2C99D96700D9D1CC /* WaterRecordCell.swift */; };
		B36C18E32C99D96700D9D1CC /* FirebaseManager.swift in Sources */ = {isa = PBXBuildFile; fileRef = B36C18BD2C99D96700D9D1CC /* FirebaseManager.swift */; };
		B36C18E42C99D96700D9D1CC /* NutritionManager.swift in Sources */ = {isa = PBXBuildFile; fileRef = B36C18BE2C99D96700D9D1CC /* NutritionManager.swift */; };
		B36C18E52C99D96700D9D1CC /* TranslationAPI.swift in Sources */ = {isa = PBXBuildFile; fileRef = B36C18BF2C99D96700D9D1CC /* TranslationAPI.swift */; };
		B36C18E62C99D96700D9D1CC /* TranslationManager.swift in Sources */ = {isa = PBXBuildFile; fileRef = B36C18C02C99D96700D9D1CC /* TranslationManager.swift */; };
		B36C18E72C99D96700D9D1CC /* AppDelegate.swift in Sources */ = {isa = PBXBuildFile; fileRef = B36C18C22C99D96700D9D1CC /* AppDelegate.swift */; };
		B36C18E82C99D96700D9D1CC /* Assets.xcassets in Resources */ = {isa = PBXBuildFile; fileRef = B36C18C32C99D96700D9D1CC /* Assets.xcassets */; };
		B36C18E92C99D96700D9D1CC /* BaseCardTableViewCell.swift in Sources */ = {isa = PBXBuildFile; fileRef = B36C18C42C99D96700D9D1CC /* BaseCardTableViewCell.swift */; };
		B36C18EA2C99D96700D9D1CC /* DietRecord.storyboard in Resources */ = {isa = PBXBuildFile; fileRef = B36C18C52C99D96700D9D1CC /* DietRecord.storyboard */; };
		B36C18EB2C99D96700D9D1CC /* DoubleExtension.swift in Sources */ = {isa = PBXBuildFile; fileRef = B36C18C62C99D96700D9D1CC /* DoubleExtension.swift */; };
		B36C18EC2C99D96700D9D1CC /* GoogleService-Info.plist in Resources */ = {isa = PBXBuildFile; fileRef = B36C18C72C99D96700D9D1CC /* GoogleService-Info.plist */; };
		B36C18EE2C99D96700D9D1CC /* LaunchScreen.storyboard in Resources */ = {isa = PBXBuildFile; fileRef = B36C18CA2C99D96700D9D1CC /* LaunchScreen.storyboard */; };
		B36C18EF2C99D96700D9D1CC /* Main.storyboard in Resources */ = {isa = PBXBuildFile; fileRef = B36C18CC2C99D96700D9D1CC /* Main.storyboard */; };
		B36C18F02C99D96700D9D1CC /* MainTabBarController.swift in Sources */ = {isa = PBXBuildFile; fileRef = B36C18CD2C99D96700D9D1CC /* MainTabBarController.swift */; };
		B36C18F12C99D96700D9D1CC /* SceneDelegate.swift in Sources */ = {isa = PBXBuildFile; fileRef = B36C18CE2C99D96700D9D1CC /* SceneDelegate.swift */; };
		B36C18F22C99D96700D9D1CC /* UIColorExtension.swift in Sources */ = {isa = PBXBuildFile; fileRef = B36C18CF2C99D96700D9D1CC /* UIColorExtension.swift */; };
		B36C18FF2C9A974600D9D1CC /* FriendVC.swift in Sources */ = {isa = PBXBuildFile; fileRef = B36C18FE2C9A974600D9D1CC /* FriendVC.swift */; };
		B36C19012C9A979800D9D1CC /* ProfileVC.swift in Sources */ = {isa = PBXBuildFile; fileRef = B36C19002C9A979800D9D1CC /* ProfileVC.swift */; };
		B36C19092C9A99A800D9D1CC /* WaterRecordModel.swift in Sources */ = {isa = PBXBuildFile; fileRef = B36C19082C9A99A800D9D1CC /* WaterRecordModel.swift */; };
		B36C190B2C9A9BE400D9D1CC /* WaterRecordViewModel.swift in Sources */ = {isa = PBXBuildFile; fileRef = B36C190A2C9A9BE400D9D1CC /* WaterRecordViewModel.swift */; };
		B36C19122C9AD60B00D9D1CC /* DailyAnalysisCell.swift in Sources */ = {isa = PBXBuildFile; fileRef = B36C19112C9AD60B00D9D1CC /* DailyAnalysisCell.swift */; };
		B36C19142C9AD90000D9D1CC /* DailyAnalysisViewModel.swift in Sources */ = {isa = PBXBuildFile; fileRef = B36C19132C9AD90000D9D1CC /* DailyAnalysisViewModel.swift */; };
		B36C19182C9B318600D9D1CC /* WeeklyCalAnalysisCell.swift in Sources */ = {isa = PBXBuildFile; fileRef = B36C19172C9B318600D9D1CC /* WeeklyCalAnalysisCell.swift */; };
		B36C191D2C9B31E500D9D1CC /* WeeklyCalAnalysisView.swift in Sources */ = {isa = PBXBuildFile; fileRef = B36C191C2C9B31E500D9D1CC /* WeeklyCalAnalysisView.swift */; };
		B370A37A2C96CAD900CDBF44 /* IQKeyboardManagerSwift in Frameworks */ = {isa = PBXBuildFile; productRef = B370A3792C96CAD900CDBF44 /* IQKeyboardManagerSwift */; };
		B3B512BC2C9185E700E02A43 /* FirebaseAnalytics in Frameworks */ = {isa = PBXBuildFile; productRef = B3B512BB2C9185E700E02A43 /* FirebaseAnalytics */; };
		B3B512BE2C9185E700E02A43 /* FirebaseAuth in Frameworks */ = {isa = PBXBuildFile; productRef = B3B512BD2C9185E700E02A43 /* FirebaseAuth */; };
		B3B512C02C9185E700E02A43 /* FirebaseFirestore in Frameworks */ = {isa = PBXBuildFile; productRef = B3B512BF2C9185E700E02A43 /* FirebaseFirestore */; };
/* End PBXBuildFile section */

/* Begin PBXFileReference section */
		B32CDD6B2C9BC8E000F92244 /* WeeklyNutriAnalysisView.swift */ = {isa = PBXFileReference; lastKnownFileType = sourcecode.swift; path = WeeklyNutriAnalysisView.swift; sourceTree = "<group>"; };
		B32CDD6D2C9BC8F400F92244 /* WeeklyNutriAnalysisCell.swift */ = {isa = PBXFileReference; lastKnownFileType = sourcecode.swift; path = WeeklyNutriAnalysisCell.swift; sourceTree = "<group>"; };
		B32CDD702C9BCD7F00F92244 /* WeeklyNutriModel.swift */ = {isa = PBXFileReference; lastKnownFileType = sourcecode.swift; path = WeeklyNutriModel.swift; sourceTree = "<group>"; };
		B36C18A52C99D96700D9D1CC /* DashboardVC.swift */ = {isa = PBXFileReference; fileEncoding = 4; lastKnownFileType = sourcecode.swift; path = DashboardVC.swift; sourceTree = "<group>"; };
		B36C18A72C99D96700D9D1CC /* FoodImageClassifier.mlmodel */ = {isa = PBXFileReference; lastKnownFileType = file.mlmodel; path = FoodImageClassifier.mlmodel; sourceTree = "<group>"; };
		B36C18A82C99D96700D9D1CC /* FoodRecordModel.swift */ = {isa = PBXFileReference; fileEncoding = 4; lastKnownFileType = sourcecode.swift; path = FoodRecordModel.swift; sourceTree = "<group>"; };
		B36C18AA2C99D96700D9D1CC /* NutritionFactsCell.swift */ = {isa = PBXFileReference; fileEncoding = 4; lastKnownFileType = sourcecode.swift; path = NutritionFactsCell.swift; sourceTree = "<group>"; };
		B36C18AB2C99D96700D9D1CC /* NutritionImageCell.swift */ = {isa = PBXFileReference; fileEncoding = 4; lastKnownFileType = sourcecode.swift; path = NutritionImageCell.swift; sourceTree = "<group>"; };
		B36C18AC2C99D96700D9D1CC /* NutritionTitleCell.swift */ = {isa = PBXFileReference; fileEncoding = 4; lastKnownFileType = sourcecode.swift; path = NutritionTitleCell.swift; sourceTree = "<group>"; };
		B36C18AD2C99D96700D9D1CC /* RecordTabBarController.swift */ = {isa = PBXFileReference; fileEncoding = 4; lastKnownFileType = sourcecode.swift; path = RecordTabBarController.swift; sourceTree = "<group>"; };
		B36C18AE2C99D96700D9D1CC /* TextViewCell.swift */ = {isa = PBXFileReference; fileEncoding = 4; lastKnownFileType = sourcecode.swift; path = TextViewCell.swift; sourceTree = "<group>"; };
		B36C18B02C99D96700D9D1CC /* CameraVC.swift */ = {isa = PBXFileReference; fileEncoding = 4; lastKnownFileType = sourcecode.swift; path = CameraVC.swift; sourceTree = "<group>"; };
		B36C18B12C99D96700D9D1CC /* CheckVC.swift */ = {isa = PBXFileReference; fileEncoding = 4; lastKnownFileType = sourcecode.swift; path = CheckVC.swift; sourceTree = "<group>"; };
		B36C18B22C99D96700D9D1CC /* MealSelectionVC.swift */ = {isa = PBXFileReference; fileEncoding = 4; lastKnownFileType = sourcecode.swift; path = MealSelectionVC.swift; sourceTree = "<group>"; };
		B36C18B32C99D96700D9D1CC /* NutritionVC.swift */ = {isa = PBXFileReference; fileEncoding = 4; lastKnownFileType = sourcecode.swift; path = NutritionVC.swift; sourceTree = "<group>"; };
		B36C18B42C99D96700D9D1CC /* PhotosVC.swift */ = {isa = PBXFileReference; fileEncoding = 4; lastKnownFileType = sourcecode.swift; path = PhotosVC.swift; sourceTree = "<group>"; };
		B36C18B52C99D96700D9D1CC /* TextVC.swift */ = {isa = PBXFileReference; fileEncoding = 4; lastKnownFileType = sourcecode.swift; path = TextVC.swift; sourceTree = "<group>"; };
		B36C18B82C99D96700D9D1CC /* HomeVC.swift */ = {isa = PBXFileReference; fileEncoding = 4; lastKnownFileType = sourcecode.swift; path = HomeVC.swift; sourceTree = "<group>"; };
		B36C18B92C99D96700D9D1CC /* DailyAnalysisView.swift */ = {isa = PBXFileReference; fileEncoding = 4; lastKnownFileType = sourcecode.swift; path = DailyAnalysisView.swift; sourceTree = "<group>"; };
		B36C18BA2C99D96700D9D1CC /* WaterCupCell.swift */ = {isa = PBXFileReference; fileEncoding = 4; lastKnownFileType = sourcecode.swift; path = WaterCupCell.swift; sourceTree = "<group>"; };
		B36C18BB2C99D96700D9D1CC /* WaterRecordCell.swift */ = {isa = PBXFileReference; fileEncoding = 4; lastKnownFileType = sourcecode.swift; path = WaterRecordCell.swift; sourceTree = "<group>"; };
		B36C18BD2C99D96700D9D1CC /* FirebaseManager.swift */ = {isa = PBXFileReference; fileEncoding = 4; lastKnownFileType = sourcecode.swift; path = FirebaseManager.swift; sourceTree = "<group>"; };
		B36C18BE2C99D96700D9D1CC /* NutritionManager.swift */ = {isa = PBXFileReference; fileEncoding = 4; lastKnownFileType = sourcecode.swift; path = NutritionManager.swift; sourceTree = "<group>"; };
		B36C18BF2C99D96700D9D1CC /* TranslationAPI.swift */ = {isa = PBXFileReference; fileEncoding = 4; lastKnownFileType = sourcecode.swift; path = TranslationAPI.swift; sourceTree = "<group>"; };
		B36C18C02C99D96700D9D1CC /* TranslationManager.swift */ = {isa = PBXFileReference; fileEncoding = 4; lastKnownFileType = sourcecode.swift; path = TranslationManager.swift; sourceTree = "<group>"; };
		B36C18C22C99D96700D9D1CC /* AppDelegate.swift */ = {isa = PBXFileReference; fileEncoding = 4; lastKnownFileType = sourcecode.swift; path = AppDelegate.swift; sourceTree = "<group>"; };
		B36C18C32C99D96700D9D1CC /* Assets.xcassets */ = {isa = PBXFileReference; lastKnownFileType = folder.assetcatalog; path = Assets.xcassets; sourceTree = "<group>"; };
		B36C18C42C99D96700D9D1CC /* BaseCardTableViewCell.swift */ = {isa = PBXFileReference; fileEncoding = 4; lastKnownFileType = sourcecode.swift; path = BaseCardTableViewCell.swift; sourceTree = "<group>"; };
		B36C18C52C99D96700D9D1CC /* DietRecord.storyboard */ = {isa = PBXFileReference; fileEncoding = 4; lastKnownFileType = file.storyboard; path = DietRecord.storyboard; sourceTree = "<group>"; };
		B36C18C62C99D96700D9D1CC /* DoubleExtension.swift */ = {isa = PBXFileReference; fileEncoding = 4; lastKnownFileType = sourcecode.swift; path = DoubleExtension.swift; sourceTree = "<group>"; };
		B36C18C72C99D96700D9D1CC /* GoogleService-Info.plist */ = {isa = PBXFileReference; fileEncoding = 4; lastKnownFileType = text.plist.xml; path = "GoogleService-Info.plist"; sourceTree = "<group>"; };
		B36C18C82C99D96700D9D1CC /* Info.plist */ = {isa = PBXFileReference; fileEncoding = 4; lastKnownFileType = text.plist.xml; path = Info.plist; sourceTree = "<group>"; };
		B36C18C92C99D96700D9D1CC /* Base */ = {isa = PBXFileReference; lastKnownFileType = file.storyboard; name = Base; path = Base.lproj/LaunchScreen.storyboard; sourceTree = "<group>"; };
		B36C18CB2C99D96700D9D1CC /* Base */ = {isa = PBXFileReference; lastKnownFileType = file.storyboard; name = Base; path = Base.lproj/Main.storyboard; sourceTree = "<group>"; };
		B36C18CD2C99D96700D9D1CC /* MainTabBarController.swift */ = {isa = PBXFileReference; fileEncoding = 4; lastKnownFileType = sourcecode.swift; path = MainTabBarController.swift; sourceTree = "<group>"; };
		B36C18CE2C99D96700D9D1CC /* SceneDelegate.swift */ = {isa = PBXFileReference; fileEncoding = 4; lastKnownFileType = sourcecode.swift; path = SceneDelegate.swift; sourceTree = "<group>"; };
		B36C18CF2C99D96700D9D1CC /* UIColorExtension.swift */ = {isa = PBXFileReference; fileEncoding = 4; lastKnownFileType = sourcecode.swift; path = UIColorExtension.swift; sourceTree = "<group>"; };
		B36C18FE2C9A974600D9D1CC /* FriendVC.swift */ = {isa = PBXFileReference; lastKnownFileType = sourcecode.swift; path = FriendVC.swift; sourceTree = "<group>"; };
		B36C19002C9A979800D9D1CC /* ProfileVC.swift */ = {isa = PBXFileReference; lastKnownFileType = sourcecode.swift; path = ProfileVC.swift; sourceTree = "<group>"; };
		B36C19082C9A99A800D9D1CC /* WaterRecordModel.swift */ = {isa = PBXFileReference; lastKnownFileType = sourcecode.swift; path = WaterRecordModel.swift; sourceTree = "<group>"; };
		B36C190A2C9A9BE400D9D1CC /* WaterRecordViewModel.swift */ = {isa = PBXFileReference; lastKnownFileType = sourcecode.swift; path = WaterRecordViewModel.swift; sourceTree = "<group>"; };
		B36C19112C9AD60B00D9D1CC /* DailyAnalysisCell.swift */ = {isa = PBXFileReference; lastKnownFileType = sourcecode.swift; path = DailyAnalysisCell.swift; sourceTree = "<group>"; };
		B36C19132C9AD90000D9D1CC /* DailyAnalysisViewModel.swift */ = {isa = PBXFileReference; lastKnownFileType = sourcecode.swift; path = DailyAnalysisViewModel.swift; sourceTree = "<group>"; };
		B36C19172C9B318600D9D1CC /* WeeklyCalAnalysisCell.swift */ = {isa = PBXFileReference; lastKnownFileType = sourcecode.swift; path = WeeklyCalAnalysisCell.swift; sourceTree = "<group>"; };
		B36C191C2C9B31E500D9D1CC /* WeeklyCalAnalysisView.swift */ = {isa = PBXFileReference; lastKnownFileType = sourcecode.swift; path = WeeklyCalAnalysisView.swift; sourceTree = "<group>"; };
		B3B512852C91682700E02A43 /* CalControlPlus.app */ = {isa = PBXFileReference; explicitFileType = wrapper.application; includeInIndex = 0; path = CalControlPlus.app; sourceTree = BUILT_PRODUCTS_DIR; };
/* End PBXFileReference section */

/* Begin PBXFrameworksBuildPhase section */
		B3B512822C91682700E02A43 /* Frameworks */ = {
			isa = PBXFrameworksBuildPhase;
			buildActionMask = 2147483647;
			files = (
				B3B512BC2C9185E700E02A43 /* FirebaseAnalytics in Frameworks */,
				B370A37A2C96CAD900CDBF44 /* IQKeyboardManagerSwift in Frameworks */,
				B3B512BE2C9185E700E02A43 /* FirebaseAuth in Frameworks */,
				B32CDD732C9BF02000F92244 /* FirebaseStorage in Frameworks */,
				B3B512C02C9185E700E02A43 /* FirebaseFirestore in Frameworks */,
			);
			runOnlyForDeploymentPostprocessing = 0;
		};
/* End PBXFrameworksBuildPhase section */

/* Begin PBXGroup section */
		B32CDD6F2C9BCD5500F92244 /* Model */ = {
			isa = PBXGroup;
			children = (
				B32CDD702C9BCD7F00F92244 /* WeeklyNutriModel.swift */,
			);
			path = Model;
			sourceTree = "<group>";
		};
		B32CDD742C9BF32300F92244 /* MealRecord */ = {
			isa = PBXGroup;
			children = (
			);
			path = MealRecord;
			sourceTree = "<group>";
		};
		B3644C3F2C948EF5005195AA /* Frameworks */ = {
			isa = PBXGroup;
			children = (
			);
			name = Frameworks;
			sourceTree = "<group>";
		};
		B36C18A62C99D96700D9D1CC /* Dashboard */ = {
			isa = PBXGroup;
			children = (
				B36C18A52C99D96700D9D1CC /* DashboardVC.swift */,
				B32CDD6F2C9BCD5500F92244 /* Model */,
				B36C19192C9B31A300D9D1CC /* View */,
			);
			path = Dashboard;
			sourceTree = "<group>";
		};
		B36C18A92C99D96700D9D1CC /* Model */ = {
			isa = PBXGroup;
			children = (
				B36C18A72C99D96700D9D1CC /* FoodImageClassifier.mlmodel */,
				B36C18A82C99D96700D9D1CC /* FoodRecordModel.swift */,
			);
			path = Model;
			sourceTree = "<group>";
		};
		B36C18AF2C99D96700D9D1CC /* View */ = {
			isa = PBXGroup;
			children = (
				B36C18AA2C99D96700D9D1CC /* NutritionFactsCell.swift */,
				B36C18AB2C99D96700D9D1CC /* NutritionImageCell.swift */,
				B36C18AC2C99D96700D9D1CC /* NutritionTitleCell.swift */,
				B36C18AD2C99D96700D9D1CC /* RecordTabBarController.swift */,
				B36C18AE2C99D96700D9D1CC /* TextViewCell.swift */,
			);
			path = View;
			sourceTree = "<group>";
		};
		B36C18B62C99D96700D9D1CC /* ViewController */ = {
			isa = PBXGroup;
			children = (
				B36C18B22C99D96700D9D1CC /* MealSelectionVC.swift */,
				B36C18B02C99D96700D9D1CC /* CameraVC.swift */,
				B36C18B42C99D96700D9D1CC /* PhotosVC.swift */,
				B36C18B52C99D96700D9D1CC /* TextVC.swift */,
				B36C18B12C99D96700D9D1CC /* CheckVC.swift */,
				B36C18B32C99D96700D9D1CC /* NutritionVC.swift */,
			);
			path = ViewController;
			sourceTree = "<group>";
		};
		B36C18B72C99D96700D9D1CC /* FoodRecord */ = {
			isa = PBXGroup;
			children = (
				B36C18A92C99D96700D9D1CC /* Model */,
				B36C18AF2C99D96700D9D1CC /* View */,
				B36C18B62C99D96700D9D1CC /* ViewController */,
			);
			path = FoodRecord;
			sourceTree = "<group>";
		};
		B36C18BC2C99D96700D9D1CC /* Home */ = {
			isa = PBXGroup;
			children = (
				B36C18B82C99D96700D9D1CC /* HomeVC.swift */,
				B36C19102C9AD59E00D9D1CC /* DailyAnalysis */,
				B36C190C2C9AD51500D9D1CC /* WaterRecord */,
				B32CDD742C9BF32300F92244 /* MealRecord */,
			);
			path = Home;
			sourceTree = "<group>";
		};
		B36C18C12C99D96700D9D1CC /* Manager */ = {
			isa = PBXGroup;
			children = (
				B36C18BD2C99D96700D9D1CC /* FirebaseManager.swift */,
				B36C18BE2C99D96700D9D1CC /* NutritionManager.swift */,
				B36C18BF2C99D96700D9D1CC /* TranslationAPI.swift */,
				B36C18C02C99D96700D9D1CC /* TranslationManager.swift */,
			);
			path = Manager;
			sourceTree = "<group>";
		};
		B36C18D02C99D96700D9D1CC /* CalControlPlus */ = {
			isa = PBXGroup;
			children = (
				B36C18C22C99D96700D9D1CC /* AppDelegate.swift */,
				B36C18CE2C99D96700D9D1CC /* SceneDelegate.swift */,
				B36C18CD2C99D96700D9D1CC /* MainTabBarController.swift */,
				B36C18C42C99D96700D9D1CC /* BaseCardTableViewCell.swift */,
				B36C19022C9A97E500D9D1CC /* Extension */,
				B36C18C12C99D96700D9D1CC /* Manager */,
				B36C18BC2C99D96700D9D1CC /* Home */,
				B36C18A62C99D96700D9D1CC /* Dashboard */,
				B36C18B72C99D96700D9D1CC /* FoodRecord */,
				B36C18FC2C9A96E300D9D1CC /* FriendPage */,
				B36C18FD2C9A971900D9D1CC /* Profile */,
				B36C18C32C99D96700D9D1CC /* Assets.xcassets */,
				B36C18C72C99D96700D9D1CC /* GoogleService-Info.plist */,
				B36C18C82C99D96700D9D1CC /* Info.plist */,
				B36C18CC2C99D96700D9D1CC /* Main.storyboard */,
				B36C18C52C99D96700D9D1CC /* DietRecord.storyboard */,
				B36C18CA2C99D96700D9D1CC /* LaunchScreen.storyboard */,
			);
			path = CalControlPlus;
			sourceTree = "<group>";
		};
		B36C18FC2C9A96E300D9D1CC /* FriendPage */ = {
			isa = PBXGroup;
			children = (
				B36C18FE2C9A974600D9D1CC /* FriendVC.swift */,
			);
			path = FriendPage;
			sourceTree = "<group>";
		};
		B36C18FD2C9A971900D9D1CC /* Profile */ = {
			isa = PBXGroup;
			children = (
				B36C19002C9A979800D9D1CC /* ProfileVC.swift */,
			);
			path = Profile;
			sourceTree = "<group>";
		};
		B36C19022C9A97E500D9D1CC /* Extension */ = {
			isa = PBXGroup;
			children = (
				B36C18CF2C99D96700D9D1CC /* UIColorExtension.swift */,
				B36C18C62C99D96700D9D1CC /* DoubleExtension.swift */,
			);
			path = Extension;
			sourceTree = "<group>";
		};
		B36C19052C9A982A00D9D1CC /* Model */ = {
			isa = PBXGroup;
			children = (
			);
			path = Model;
			sourceTree = "<group>";
		};
		B36C19062C9A983300D9D1CC /* ViewModel */ = {
			isa = PBXGroup;
			children = (
				B36C19132C9AD90000D9D1CC /* DailyAnalysisViewModel.swift */,
			);
			path = ViewModel;
			sourceTree = "<group>";
		};
		B36C19072C9A983B00D9D1CC /* View */ = {
			isa = PBXGroup;
			children = (
				B36C18B92C99D96700D9D1CC /* DailyAnalysisView.swift */,
				B36C19112C9AD60B00D9D1CC /* DailyAnalysisCell.swift */,
			);
			path = View;
			sourceTree = "<group>";
		};
		B36C190C2C9AD51500D9D1CC /* WaterRecord */ = {
			isa = PBXGroup;
			children = (
				B36C190F2C9AD52F00D9D1CC /* Model */,
				B36C190E2C9AD52500D9D1CC /* View */,
				B36C190D2C9AD51B00D9D1CC /* ViewModel */,
			);
			path = WaterRecord;
			sourceTree = "<group>";
		};
		B36C190D2C9AD51B00D9D1CC /* ViewModel */ = {
			isa = PBXGroup;
			children = (
				B36C190A2C9A9BE400D9D1CC /* WaterRecordViewModel.swift */,
			);
			path = ViewModel;
			sourceTree = "<group>";
		};
		B36C190E2C9AD52500D9D1CC /* View */ = {
			isa = PBXGroup;
			children = (
				B36C18BB2C99D96700D9D1CC /* WaterRecordCell.swift */,
				B36C18BA2C99D96700D9D1CC /* WaterCupCell.swift */,
			);
			path = View;
			sourceTree = "<group>";
		};
		B36C190F2C9AD52F00D9D1CC /* Model */ = {
			isa = PBXGroup;
			children = (
				B36C19082C9A99A800D9D1CC /* WaterRecordModel.swift */,
			);
			path = Model;
			sourceTree = "<group>";
		};
		B36C19102C9AD59E00D9D1CC /* DailyAnalysis */ = {
			isa = PBXGroup;
			children = (
				B36C19052C9A982A00D9D1CC /* Model */,
				B36C19072C9A983B00D9D1CC /* View */,
				B36C19062C9A983300D9D1CC /* ViewModel */,
			);
			path = DailyAnalysis;
			sourceTree = "<group>";
		};
		B36C19192C9B31A300D9D1CC /* View */ = {
			isa = PBXGroup;
			children = (
				B36C191C2C9B31E500D9D1CC /* WeeklyCalAnalysisView.swift */,
				B36C19172C9B318600D9D1CC /* WeeklyCalAnalysisCell.swift */,
				B32CDD6B2C9BC8E000F92244 /* WeeklyNutriAnalysisView.swift */,
				B32CDD6D2C9BC8F400F92244 /* WeeklyNutriAnalysisCell.swift */,
			);
			path = View;
			sourceTree = "<group>";
		};
		B3B5127C2C91682600E02A43 = {
			isa = PBXGroup;
			children = (
				B36C18D02C99D96700D9D1CC /* CalControlPlus */,
				B3B512862C91682700E02A43 /* Products */,
				B3644C3F2C948EF5005195AA /* Frameworks */,
			);
			sourceTree = "<group>";
		};
		B3B512862C91682700E02A43 /* Products */ = {
			isa = PBXGroup;
			children = (
				B3B512852C91682700E02A43 /* CalControlPlus.app */,
			);
			name = Products;
			sourceTree = "<group>";
		};
/* End PBXGroup section */

/* Begin PBXNativeTarget section */
		B3B512842C91682700E02A43 /* CalControlPlus */ = {
			isa = PBXNativeTarget;
			buildConfigurationList = B3B512AF2C91682800E02A43 /* Build configuration list for PBXNativeTarget "CalControlPlus" */;
			buildPhases = (
				B3B512812C91682700E02A43 /* Sources */,
				B3B512822C91682700E02A43 /* Frameworks */,
				B3B512832C91682700E02A43 /* Resources */,
				B3644C3E2C9445EB005195AA /* SwiftLint */,
			);
			buildRules = (
			);
			dependencies = (
			);
			name = CalControlPlus;
			packageProductDependencies = (
				B3B512BB2C9185E700E02A43 /* FirebaseAnalytics */,
				B3B512BD2C9185E700E02A43 /* FirebaseAuth */,
				B3B512BF2C9185E700E02A43 /* FirebaseFirestore */,
				B370A3792C96CAD900CDBF44 /* IQKeyboardManagerSwift */,
				B32CDD722C9BF02000F92244 /* FirebaseStorage */,
			);
			productName = "CalControl+";
			productReference = B3B512852C91682700E02A43 /* CalControlPlus.app */;
			productType = "com.apple.product-type.application";
		};
/* End PBXNativeTarget section */

/* Begin PBXProject section */
		B3B5127D2C91682600E02A43 /* Project object */ = {
			isa = PBXProject;
			attributes = {
				BuildIndependentTargetsInParallel = 1;
				LastSwiftUpdateCheck = 1540;
				LastUpgradeCheck = 1540;
				TargetAttributes = {
					B3B512842C91682700E02A43 = {
						CreatedOnToolsVersion = 15.4;
					};
				};
			};
			buildConfigurationList = B3B512802C91682600E02A43 /* Build configuration list for PBXProject "CalControlPlus" */;
			compatibilityVersion = "Xcode 14.0";
			developmentRegion = en;
			hasScannedForEncodings = 0;
			knownRegions = (
				en,
				Base,
			);
			mainGroup = B3B5127C2C91682600E02A43;
			packageReferences = (
				B3B512BA2C9185E700E02A43 /* XCRemoteSwiftPackageReference "firebase-ios-sdk" */,
				B370A3782C96CAD900CDBF44 /* XCRemoteSwiftPackageReference "IQKeyboardManager" */,
			);
			productRefGroup = B3B512862C91682700E02A43 /* Products */;
			projectDirPath = "";
			projectRoot = "";
			targets = (
				B3B512842C91682700E02A43 /* CalControlPlus */,
			);
		};
/* End PBXProject section */

/* Begin PBXResourcesBuildPhase section */
		B3B512832C91682700E02A43 /* Resources */ = {
			isa = PBXResourcesBuildPhase;
			buildActionMask = 2147483647;
			files = (
				B36C18EC2C99D96700D9D1CC /* GoogleService-Info.plist in Resources */,
				B36C18EE2C99D96700D9D1CC /* LaunchScreen.storyboard in Resources */,
				B36C18EF2C99D96700D9D1CC /* Main.storyboard in Resources */,
				B36C18EA2C99D96700D9D1CC /* DietRecord.storyboard in Resources */,
				B36C18E82C99D96700D9D1CC /* Assets.xcassets in Resources */,
			);
			runOnlyForDeploymentPostprocessing = 0;
		};
/* End PBXResourcesBuildPhase section */

/* Begin PBXShellScriptBuildPhase section */
		B3644C3E2C9445EB005195AA /* SwiftLint */ = {
			isa = PBXShellScriptBuildPhase;
			alwaysOutOfDate = 1;
			buildActionMask = 2147483647;
			files = (
			);
			inputFileListPaths = (
			);
			inputPaths = (
			);
			name = SwiftLint;
			outputFileListPaths = (
			);
			outputPaths = (
			);
			runOnlyForDeploymentPostprocessing = 0;
			shellPath = /bin/sh;
			shellScript = "export PATH=\"$PATH:/opt/homebrew/bin\"\n\n/opt/homebrew/bin/swiftlint\n";
		};
/* End PBXShellScriptBuildPhase section */

/* Begin PBXSourcesBuildPhase section */
		B3B512812C91682700E02A43 /* Sources */ = {
			isa = PBXSourcesBuildPhase;
			buildActionMask = 2147483647;
			files = (
				B36C19012C9A979800D9D1CC /* ProfileVC.swift in Sources */,
				B36C18DD2C99D96700D9D1CC /* PhotosVC.swift in Sources */,
				B36C18E22C99D96700D9D1CC /* WaterRecordCell.swift in Sources */,
				B36C190B2C9A9BE400D9D1CC /* WaterRecordViewModel.swift in Sources */,
				B36C18D22C99D96700D9D1CC /* FoodImageClassifier.mlmodel in Sources */,
				B36C18E02C99D96700D9D1CC /* DailyAnalysisView.swift in Sources */,
				B36C18DE2C99D96700D9D1CC /* TextVC.swift in Sources */,
				B36C18DB2C99D96700D9D1CC /* MealSelectionVC.swift in Sources */,
				B32CDD712C9BCD7F00F92244 /* WeeklyNutriModel.swift in Sources */,
				B32CDD6C2C9BC8E000F92244 /* WeeklyNutriAnalysisView.swift in Sources */,
				B36C19122C9AD60B00D9D1CC /* DailyAnalysisCell.swift in Sources */,
				B36C18D12C99D96700D9D1CC /* DashboardVC.swift in Sources */,
				B36C18D62C99D96700D9D1CC /* NutritionTitleCell.swift in Sources */,
				B36C19092C9A99A800D9D1CC /* WaterRecordModel.swift in Sources */,
				B36C18E12C99D96700D9D1CC /* WaterCupCell.swift in Sources */,
				B36C18E72C99D96700D9D1CC /* AppDelegate.swift in Sources */,
				B36C18FF2C9A974600D9D1CC /* FriendVC.swift in Sources */,
				B36C18D82C99D96700D9D1CC /* TextViewCell.swift in Sources */,
				B36C18D52C99D96700D9D1CC /* NutritionImageCell.swift in Sources */,
				B36C18F02C99D96700D9D1CC /* MainTabBarController.swift in Sources */,
				B32CDD6E2C9BC8F400F92244 /* WeeklyNutriAnalysisCell.swift in Sources */,
				B36C18E42C99D96700D9D1CC /* NutritionManager.swift in Sources */,
				B36C18DF2C99D96700D9D1CC /* HomeVC.swift in Sources */,
				B36C18E62C99D96700D9D1CC /* TranslationManager.swift in Sources */,
				B36C18D42C99D96700D9D1CC /* NutritionFactsCell.swift in Sources */,
				B36C19142C9AD90000D9D1CC /* DailyAnalysisViewModel.swift in Sources */,
				B36C18D32C99D96700D9D1CC /* FoodRecordModel.swift in Sources */,
				B36C18DA2C99D96700D9D1CC /* CheckVC.swift in Sources */,
				B36C18EB2C99D96700D9D1CC /* DoubleExtension.swift in Sources */,
				B36C18D72C99D96700D9D1CC /* RecordTabBarController.swift in Sources */,
				B36C18F12C99D96700D9D1CC /* SceneDelegate.swift in Sources */,
				B36C18E92C99D96700D9D1CC /* BaseCardTableViewCell.swift in Sources */,
				B36C18F22C99D96700D9D1CC /* UIColorExtension.swift in Sources */,
				B36C18E52C99D96700D9D1CC /* TranslationAPI.swift in Sources */,
				B36C18DC2C99D96700D9D1CC /* NutritionVC.swift in Sources */,
				B36C18D92C99D96700D9D1CC /* CameraVC.swift in Sources */,
				B36C19182C9B318600D9D1CC /* WeeklyCalAnalysisCell.swift in Sources */,
				B36C18E32C99D96700D9D1CC /* FirebaseManager.swift in Sources */,
				B36C191D2C9B31E500D9D1CC /* WeeklyCalAnalysisView.swift in Sources */,
			);
			runOnlyForDeploymentPostprocessing = 0;
		};
/* End PBXSourcesBuildPhase section */

/* Begin PBXVariantGroup section */
		B36C18CA2C99D96700D9D1CC /* LaunchScreen.storyboard */ = {
			isa = PBXVariantGroup;
			children = (
				B36C18C92C99D96700D9D1CC /* Base */,
			);
			name = LaunchScreen.storyboard;
			sourceTree = "<group>";
		};
		B36C18CC2C99D96700D9D1CC /* Main.storyboard */ = {
			isa = PBXVariantGroup;
			children = (
				B36C18CB2C99D96700D9D1CC /* Base */,
			);
			name = Main.storyboard;
			sourceTree = "<group>";
		};
/* End PBXVariantGroup section */

/* Begin XCBuildConfiguration section */
		B3B512AD2C91682800E02A43 /* Debug */ = {
			isa = XCBuildConfiguration;
			buildSettings = {
				ALWAYS_SEARCH_USER_PATHS = NO;
				ASSETCATALOG_COMPILER_GENERATE_SWIFT_ASSET_SYMBOL_EXTENSIONS = YES;
				CLANG_ANALYZER_NONNULL = YES;
				CLANG_ANALYZER_NUMBER_OBJECT_CONVERSION = YES_AGGRESSIVE;
				CLANG_CXX_LANGUAGE_STANDARD = "gnu++20";
				CLANG_ENABLE_MODULES = YES;
				CLANG_ENABLE_OBJC_ARC = YES;
				CLANG_ENABLE_OBJC_WEAK = YES;
				CLANG_WARN_BLOCK_CAPTURE_AUTORELEASING = YES;
				CLANG_WARN_BOOL_CONVERSION = YES;
				CLANG_WARN_COMMA = YES;
				CLANG_WARN_CONSTANT_CONVERSION = YES;
				CLANG_WARN_DEPRECATED_OBJC_IMPLEMENTATIONS = YES;
				CLANG_WARN_DIRECT_OBJC_ISA_USAGE = YES_ERROR;
				CLANG_WARN_DOCUMENTATION_COMMENTS = YES;
				CLANG_WARN_EMPTY_BODY = YES;
				CLANG_WARN_ENUM_CONVERSION = YES;
				CLANG_WARN_INFINITE_RECURSION = YES;
				CLANG_WARN_INT_CONVERSION = YES;
				CLANG_WARN_NON_LITERAL_NULL_CONVERSION = YES;
				CLANG_WARN_OBJC_IMPLICIT_RETAIN_SELF = YES;
				CLANG_WARN_OBJC_LITERAL_CONVERSION = YES;
				CLANG_WARN_OBJC_ROOT_CLASS = YES_ERROR;
				CLANG_WARN_QUOTED_INCLUDE_IN_FRAMEWORK_HEADER = YES;
				CLANG_WARN_RANGE_LOOP_ANALYSIS = YES;
				CLANG_WARN_STRICT_PROTOTYPES = YES;
				CLANG_WARN_SUSPICIOUS_MOVE = YES;
				CLANG_WARN_UNGUARDED_AVAILABILITY = YES_AGGRESSIVE;
				CLANG_WARN_UNREACHABLE_CODE = YES;
				CLANG_WARN__DUPLICATE_METHOD_MATCH = YES;
				COPY_PHASE_STRIP = NO;
				DEBUG_INFORMATION_FORMAT = dwarf;
				ENABLE_STRICT_OBJC_MSGSEND = YES;
				ENABLE_TESTABILITY = YES;
				ENABLE_USER_SCRIPT_SANDBOXING = NO;
				GCC_C_LANGUAGE_STANDARD = gnu17;
				GCC_DYNAMIC_NO_PIC = NO;
				GCC_NO_COMMON_BLOCKS = YES;
				GCC_OPTIMIZATION_LEVEL = 0;
				GCC_PREPROCESSOR_DEFINITIONS = (
					"DEBUG=1",
					"$(inherited)",
				);
				GCC_WARN_64_TO_32_BIT_CONVERSION = YES;
				GCC_WARN_ABOUT_RETURN_TYPE = YES_ERROR;
				GCC_WARN_UNDECLARED_SELECTOR = YES;
				GCC_WARN_UNINITIALIZED_AUTOS = YES_AGGRESSIVE;
				GCC_WARN_UNUSED_FUNCTION = YES;
				GCC_WARN_UNUSED_VARIABLE = YES;
				IPHONEOS_DEPLOYMENT_TARGET = 17.0;
				LOCALIZATION_PREFERS_STRING_CATALOGS = YES;
				MTL_ENABLE_DEBUG_INFO = INCLUDE_SOURCE;
				MTL_FAST_MATH = YES;
				ONLY_ACTIVE_ARCH = YES;
				SDKROOT = iphoneos;
				SWIFT_ACTIVE_COMPILATION_CONDITIONS = "DEBUG $(inherited)";
				SWIFT_OPTIMIZATION_LEVEL = "-Onone";
			};
			name = Debug;
		};
		B3B512AE2C91682800E02A43 /* Release */ = {
			isa = XCBuildConfiguration;
			buildSettings = {
				ALWAYS_SEARCH_USER_PATHS = NO;
				ASSETCATALOG_COMPILER_GENERATE_SWIFT_ASSET_SYMBOL_EXTENSIONS = YES;
				CLANG_ANALYZER_NONNULL = YES;
				CLANG_ANALYZER_NUMBER_OBJECT_CONVERSION = YES_AGGRESSIVE;
				CLANG_CXX_LANGUAGE_STANDARD = "gnu++20";
				CLANG_ENABLE_MODULES = YES;
				CLANG_ENABLE_OBJC_ARC = YES;
				CLANG_ENABLE_OBJC_WEAK = YES;
				CLANG_WARN_BLOCK_CAPTURE_AUTORELEASING = YES;
				CLANG_WARN_BOOL_CONVERSION = YES;
				CLANG_WARN_COMMA = YES;
				CLANG_WARN_CONSTANT_CONVERSION = YES;
				CLANG_WARN_DEPRECATED_OBJC_IMPLEMENTATIONS = YES;
				CLANG_WARN_DIRECT_OBJC_ISA_USAGE = YES_ERROR;
				CLANG_WARN_DOCUMENTATION_COMMENTS = YES;
				CLANG_WARN_EMPTY_BODY = YES;
				CLANG_WARN_ENUM_CONVERSION = YES;
				CLANG_WARN_INFINITE_RECURSION = YES;
				CLANG_WARN_INT_CONVERSION = YES;
				CLANG_WARN_NON_LITERAL_NULL_CONVERSION = YES;
				CLANG_WARN_OBJC_IMPLICIT_RETAIN_SELF = YES;
				CLANG_WARN_OBJC_LITERAL_CONVERSION = YES;
				CLANG_WARN_OBJC_ROOT_CLASS = YES_ERROR;
				CLANG_WARN_QUOTED_INCLUDE_IN_FRAMEWORK_HEADER = YES;
				CLANG_WARN_RANGE_LOOP_ANALYSIS = YES;
				CLANG_WARN_STRICT_PROTOTYPES = YES;
				CLANG_WARN_SUSPICIOUS_MOVE = YES;
				CLANG_WARN_UNGUARDED_AVAILABILITY = YES_AGGRESSIVE;
				CLANG_WARN_UNREACHABLE_CODE = YES;
				CLANG_WARN__DUPLICATE_METHOD_MATCH = YES;
				COPY_PHASE_STRIP = NO;
				DEBUG_INFORMATION_FORMAT = "dwarf-with-dsym";
				ENABLE_NS_ASSERTIONS = NO;
				ENABLE_STRICT_OBJC_MSGSEND = YES;
				ENABLE_USER_SCRIPT_SANDBOXING = NO;
				GCC_C_LANGUAGE_STANDARD = gnu17;
				GCC_NO_COMMON_BLOCKS = YES;
				GCC_WARN_64_TO_32_BIT_CONVERSION = YES;
				GCC_WARN_ABOUT_RETURN_TYPE = YES_ERROR;
				GCC_WARN_UNDECLARED_SELECTOR = YES;
				GCC_WARN_UNINITIALIZED_AUTOS = YES_AGGRESSIVE;
				GCC_WARN_UNUSED_FUNCTION = YES;
				GCC_WARN_UNUSED_VARIABLE = YES;
				IPHONEOS_DEPLOYMENT_TARGET = 17.0;
				LOCALIZATION_PREFERS_STRING_CATALOGS = YES;
				MTL_ENABLE_DEBUG_INFO = NO;
				MTL_FAST_MATH = YES;
				SDKROOT = iphoneos;
				SWIFT_COMPILATION_MODE = wholemodule;
				VALIDATE_PRODUCT = YES;
			};
			name = Release;
		};
		B3B512B02C91682800E02A43 /* Debug */ = {
			isa = XCBuildConfiguration;
			buildSettings = {
				ASSETCATALOG_COMPILER_APPICON_NAME = AppIcon;
				ASSETCATALOG_COMPILER_GLOBAL_ACCENT_COLOR_NAME = AccentColor;
				CODE_SIGN_STYLE = Automatic;
				CURRENT_PROJECT_VERSION = 1;
				DEVELOPMENT_TEAM = V8MQ39JANS;
				GENERATE_INFOPLIST_FILE = YES;
				INFOPLIST_FILE = CalControlPlus/Info.plist;
				INFOPLIST_KEY_UIApplicationSupportsIndirectInputEvents = YES;
				INFOPLIST_KEY_UILaunchStoryboardName = LaunchScreen;
				INFOPLIST_KEY_UIMainStoryboardFile = Main;
				INFOPLIST_KEY_UISupportedInterfaceOrientations_iPad = "UIInterfaceOrientationPortrait UIInterfaceOrientationPortraitUpsideDown UIInterfaceOrientationLandscapeLeft UIInterfaceOrientationLandscapeRight";
				INFOPLIST_KEY_UISupportedInterfaceOrientations_iPhone = "UIInterfaceOrientationPortrait UIInterfaceOrientationLandscapeLeft UIInterfaceOrientationLandscapeRight";
				IPHONEOS_DEPLOYMENT_TARGET = 17.0;
				LD_RUNPATH_SEARCH_PATHS = (
					"$(inherited)",
					"@executable_path/Frameworks",
				);
				MARKETING_VERSION = 1.0;
				PRODUCT_BUNDLE_IDENTIFIER = com.ruiintelligence.CalControlPlus;
				PRODUCT_NAME = "$(TARGET_NAME)";
				SWIFT_EMIT_LOC_STRINGS = YES;
				SWIFT_VERSION = 5.0;
				TARGETED_DEVICE_FAMILY = "1,2";
			};
			name = Debug;
		};
		B3B512B12C91682800E02A43 /* Release */ = {
			isa = XCBuildConfiguration;
			buildSettings = {
				ASSETCATALOG_COMPILER_APPICON_NAME = AppIcon;
				ASSETCATALOG_COMPILER_GLOBAL_ACCENT_COLOR_NAME = AccentColor;
				CODE_SIGN_STYLE = Automatic;
				CURRENT_PROJECT_VERSION = 1;
				DEVELOPMENT_TEAM = V8MQ39JANS;
				GCC_OPTIMIZATION_LEVEL = s;
				GENERATE_INFOPLIST_FILE = YES;
				INFOPLIST_FILE = CalControlPlus/Info.plist;
				INFOPLIST_KEY_UIApplicationSupportsIndirectInputEvents = YES;
				INFOPLIST_KEY_UILaunchStoryboardName = LaunchScreen;
				INFOPLIST_KEY_UIMainStoryboardFile = Main;
				INFOPLIST_KEY_UISupportedInterfaceOrientations_iPad = "UIInterfaceOrientationPortrait UIInterfaceOrientationPortraitUpsideDown UIInterfaceOrientationLandscapeLeft UIInterfaceOrientationLandscapeRight";
				INFOPLIST_KEY_UISupportedInterfaceOrientations_iPhone = "UIInterfaceOrientationPortrait UIInterfaceOrientationLandscapeLeft UIInterfaceOrientationLandscapeRight";
				IPHONEOS_DEPLOYMENT_TARGET = 17.0;
				LD_RUNPATH_SEARCH_PATHS = (
					"$(inherited)",
					"@executable_path/Frameworks",
				);
				MARKETING_VERSION = 1.0;
				PRODUCT_BUNDLE_IDENTIFIER = com.ruiintelligence.CalControlPlus;
				PRODUCT_NAME = "$(TARGET_NAME)";
				SWIFT_EMIT_LOC_STRINGS = YES;
				SWIFT_OPTIMIZATION_LEVEL = "-O";
				SWIFT_VERSION = 5.0;
				TARGETED_DEVICE_FAMILY = "1,2";
			};
			name = Release;
		};
/* End XCBuildConfiguration section */

/* Begin XCConfigurationList section */
		B3B512802C91682600E02A43 /* Build configuration list for PBXProject "CalControlPlus" */ = {
			isa = XCConfigurationList;
			buildConfigurations = (
				B3B512AD2C91682800E02A43 /* Debug */,
				B3B512AE2C91682800E02A43 /* Release */,
			);
			defaultConfigurationIsVisible = 0;
			defaultConfigurationName = Release;
		};
		B3B512AF2C91682800E02A43 /* Build configuration list for PBXNativeTarget "CalControlPlus" */ = {
			isa = XCConfigurationList;
			buildConfigurations = (
				B3B512B02C91682800E02A43 /* Debug */,
				B3B512B12C91682800E02A43 /* Release */,
			);
			defaultConfigurationIsVisible = 0;
			defaultConfigurationName = Release;
		};
/* End XCConfigurationList section */

/* Begin XCRemoteSwiftPackageReference section */
		B370A3782C96CAD900CDBF44 /* XCRemoteSwiftPackageReference "IQKeyboardManager" */ = {
			isa = XCRemoteSwiftPackageReference;
			repositoryURL = "https://github.com/hackiftekhar/IQKeyboardManager.git";
			requirement = {
				kind = upToNextMajorVersion;
				minimumVersion = 7.1.1;
			};
		};
		B3B512BA2C9185E700E02A43 /* XCRemoteSwiftPackageReference "firebase-ios-sdk" */ = {
			isa = XCRemoteSwiftPackageReference;
			repositoryURL = "https://github.com/firebase/firebase-ios-sdk.git";
			requirement = {
				kind = upToNextMajorVersion;
				minimumVersion = 11.2.0;
			};
		};
/* End XCRemoteSwiftPackageReference section */

/* Begin XCSwiftPackageProductDependency section */
		B32CDD722C9BF02000F92244 /* FirebaseStorage */ = {
			isa = XCSwiftPackageProductDependency;
			package = B3B512BA2C9185E700E02A43 /* XCRemoteSwiftPackageReference "firebase-ios-sdk" */;
			productName = FirebaseStorage;
		};
		B370A3792C96CAD900CDBF44 /* IQKeyboardManagerSwift */ = {
			isa = XCSwiftPackageProductDependency;
			package = B370A3782C96CAD900CDBF44 /* XCRemoteSwiftPackageReference "IQKeyboardManager" */;
			productName = IQKeyboardManagerSwift;
		};
		B3B512BB2C9185E700E02A43 /* FirebaseAnalytics */ = {
			isa = XCSwiftPackageProductDependency;
			package = B3B512BA2C9185E700E02A43 /* XCRemoteSwiftPackageReference "firebase-ios-sdk" */;
			productName = FirebaseAnalytics;
		};
		B3B512BD2C9185E700E02A43 /* FirebaseAuth */ = {
			isa = XCSwiftPackageProductDependency;
			package = B3B512BA2C9185E700E02A43 /* XCRemoteSwiftPackageReference "firebase-ios-sdk" */;
			productName = FirebaseAuth;
		};
		B3B512BF2C9185E700E02A43 /* FirebaseFirestore */ = {
			isa = XCSwiftPackageProductDependency;
			package = B3B512BA2C9185E700E02A43 /* XCRemoteSwiftPackageReference "firebase-ios-sdk" */;
			productName = FirebaseFirestore;
		};
/* End XCSwiftPackageProductDependency section */
	};
	rootObject = B3B5127D2C91682600E02A43 /* Project object */;
}
