// !$*UTF8*$!
{
	archiveVersion = 1;
	classes = {
	};
	objectVersion = 56;
	objects = {

/* Begin PBXBuildFile section */
		B309F9052CA3E2A300414F5B /* UITableViewExtension.swift in Sources */ = {isa = PBXBuildFile; fileRef = B309F9042CA3E2A300414F5B /* UITableViewExtension.swift */; };
		B31384662CA50C98008272B0 /* WeightRecordDetailVC.swift in Sources */ = {isa = PBXBuildFile; fileRef = B31384652CA50C98008272B0 /* WeightRecordDetailVC.swift */; };
		B31384682CA50D38008272B0 /* WeightRecordDetailCell.swift in Sources */ = {isa = PBXBuildFile; fileRef = B31384672CA50D38008272B0 /* WeightRecordDetailCell.swift */; };
		B313846A2CA53A21008272B0 /* FoodDetailVC.swift in Sources */ = {isa = PBXBuildFile; fileRef = B31384692CA53A21008272B0 /* FoodDetailVC.swift */; };
		B313846C2CA53B28008272B0 /* FoodDetailCell.swift in Sources */ = {isa = PBXBuildFile; fileRef = B313846B2CA53B28008272B0 /* FoodDetailCell.swift */; };
		B313846E2CA55B5E008272B0 /* DeleteButtonCell.swift in Sources */ = {isa = PBXBuildFile; fileRef = B313846D2CA55B5E008272B0 /* DeleteButtonCell.swift */; };
		B31384702CA59847008272B0 /* AddFriendVC.swift in Sources */ = {isa = PBXBuildFile; fileRef = B313846F2CA59847008272B0 /* AddFriendVC.swift */; };
		B31384722CA5ACA4008272B0 /* InputFriendIDVC.swift in Sources */ = {isa = PBXBuildFile; fileRef = B31384712CA5ACA4008272B0 /* InputFriendIDVC.swift */; };
		B31384742CA5ACB3008272B0 /* ShowQRCodeVC.swift in Sources */ = {isa = PBXBuildFile; fileRef = B31384732CA5ACB3008272B0 /* ShowQRCodeVC.swift */; };
		B31384762CA5ACBD008272B0 /* ScanQRCodeVC.swift in Sources */ = {isa = PBXBuildFile; fileRef = B31384752CA5ACBD008272B0 /* ScanQRCodeVC.swift */; };
		B323DC712CAE997E006C35AC /* LoadingView.swift in Sources */ = {isa = PBXBuildFile; fileRef = B323DC702CAE997E006C35AC /* LoadingView.swift */; };
		B323DC732CAEEE34006C35AC /* toggleDayNightAnimation.json in Resources */ = {isa = PBXBuildFile; fileRef = B323DC722CAEEE34006C35AC /* toggleDayNightAnimation.json */; };
		B323DC752CAEF1FD006C35AC /* FriendListVC.swift in Sources */ = {isa = PBXBuildFile; fileRef = B323DC742CAEF1FD006C35AC /* FriendListVC.swift */; };
		B323DC772CAEF2B6006C35AC /* FriendListCell.swift in Sources */ = {isa = PBXBuildFile; fileRef = B323DC762CAEF2B6006C35AC /* FriendListCell.swift */; };
		B323DC792CAF0F51006C35AC /* BlockListVC.swift in Sources */ = {isa = PBXBuildFile; fileRef = B323DC782CAF0F51006C35AC /* BlockListVC.swift */; };
		B32CDD6C2C9BC8E000F92244 /* WeeklyNutriAnalysisView.swift in Sources */ = {isa = PBXBuildFile; fileRef = B32CDD6B2C9BC8E000F92244 /* WeeklyNutriAnalysisView.swift */; };
		B32CDD6E2C9BC8F400F92244 /* WeeklyNutriAnalysisCell.swift in Sources */ = {isa = PBXBuildFile; fileRef = B32CDD6D2C9BC8F400F92244 /* WeeklyNutriAnalysisCell.swift */; };
		B32CDD712C9BCD7F00F92244 /* WeeklyNutriModel.swift in Sources */ = {isa = PBXBuildFile; fileRef = B32CDD702C9BCD7F00F92244 /* WeeklyNutriModel.swift */; };
		B32CDD732C9BF02000F92244 /* FirebaseStorage in Frameworks */ = {isa = PBXBuildFile; productRef = B32CDD722C9BF02000F92244 /* FirebaseStorage */; };
		B32CDD762C9BF3E700F92244 /* MealRecordCell.swift in Sources */ = {isa = PBXBuildFile; fileRef = B32CDD752C9BF3E700F92244 /* MealRecordCell.swift */; };
		B32CDD782C9BF61100F92244 /* FoodRecordCell.swift in Sources */ = {isa = PBXBuildFile; fileRef = B32CDD772C9BF61100F92244 /* FoodRecordCell.swift */; };
		B32CDD7E2C9C492A00F92244 /* HomeViewModel.swift in Sources */ = {isa = PBXBuildFile; fileRef = B32CDD7D2C9C492A00F92244 /* HomeViewModel.swift */; };
		B32CDD882C9C4DFE00F92244 /* Kingfisher in Frameworks */ = {isa = PBXBuildFile; productRef = B32CDD872C9C4DFE00F92244 /* Kingfisher */; };
		B32CDD8A2C9C4E4500F92244 /* UIImageViewExtension.swift in Sources */ = {isa = PBXBuildFile; fileRef = B32CDD892C9C4E4500F92244 /* UIImageViewExtension.swift */; };
		B3366C432CB13ABC00C14D7F /* CoreDataManager.swift in Sources */ = {isa = PBXBuildFile; fileRef = B3366C422CB13ABC00C14D7F /* CoreDataManager.swift */; };
		B3366C462CB13AEC00C14D7F /* FoodItem.xcdatamodeld in Sources */ = {isa = PBXBuildFile; fileRef = B3366C442CB13AEC00C14D7F /* FoodItem.xcdatamodeld */; };
		B3366C4C2CB1404D00C14D7F /* InputViewController.swift in Sources */ = {isa = PBXBuildFile; fileRef = B3366C4B2CB1404D00C14D7F /* InputViewController.swift */; };
		B3366C502CB3D38200C14D7F /* Logger.swift in Sources */ = {isa = PBXBuildFile; fileRef = B3366C4F2CB3D38200C14D7F /* Logger.swift */; };
		B3366C582CB43BC800C14D7F /* CalControlPlusTests.swift in Sources */ = {isa = PBXBuildFile; fileRef = B3366C572CB43BC800C14D7F /* CalControlPlusTests.swift */; };
		B3366C5F2CB4C51500C14D7F /* KeyboardManager.swift in Sources */ = {isa = PBXBuildFile; fileRef = B3366C5E2CB4C51500C14D7F /* KeyboardManager.swift */; };
		B36C18D12C99D96700D9D1CC /* DashboardVC.swift in Sources */ = {isa = PBXBuildFile; fileRef = B36C18A52C99D96700D9D1CC /* DashboardVC.swift */; };
		B36C18D22C99D96700D9D1CC /* FoodImageClassifier.mlmodel in Sources */ = {isa = PBXBuildFile; fileRef = B36C18A72C99D96700D9D1CC /* FoodImageClassifier.mlmodel */; };
		B36C18D32C99D96700D9D1CC /* FoodRecordModel.swift in Sources */ = {isa = PBXBuildFile; fileRef = B36C18A82C99D96700D9D1CC /* FoodRecordModel.swift */; };
		B36C18D42C99D96700D9D1CC /* NutritionFactsCell.swift in Sources */ = {isa = PBXBuildFile; fileRef = B36C18AA2C99D96700D9D1CC /* NutritionFactsCell.swift */; };
		B36C18D52C99D96700D9D1CC /* NutritionImageCell.swift in Sources */ = {isa = PBXBuildFile; fileRef = B36C18AB2C99D96700D9D1CC /* NutritionImageCell.swift */; };
		B36C18D62C99D96700D9D1CC /* NutritionTitleCell.swift in Sources */ = {isa = PBXBuildFile; fileRef = B36C18AC2C99D96700D9D1CC /* NutritionTitleCell.swift */; };
		B36C18D72C99D96700D9D1CC /* RecordTabBarController.swift in Sources */ = {isa = PBXBuildFile; fileRef = B36C18AD2C99D96700D9D1CC /* RecordTabBarController.swift */; };
		B36C18D82C99D96700D9D1CC /* TextViewCell.swift in Sources */ = {isa = PBXBuildFile; fileRef = B36C18AE2C99D96700D9D1CC /* TextViewCell.swift */; };
		B36C18D92C99D96700D9D1CC /* CameraVC.swift in Sources */ = {isa = PBXBuildFile; fileRef = B36C18B02C99D96700D9D1CC /* CameraVC.swift */; };
		B36C18DA2C99D96700D9D1CC /* CheckVC.swift in Sources */ = {isa = PBXBuildFile; fileRef = B36C18B12C99D96700D9D1CC /* CheckVC.swift */; };
		B36C18DC2C99D96700D9D1CC /* NutritionVC.swift in Sources */ = {isa = PBXBuildFile; fileRef = B36C18B32C99D96700D9D1CC /* NutritionVC.swift */; };
		B36C18DD2C99D96700D9D1CC /* PhotosVC.swift in Sources */ = {isa = PBXBuildFile; fileRef = B36C18B42C99D96700D9D1CC /* PhotosVC.swift */; };
		B36C18DE2C99D96700D9D1CC /* TextVC.swift in Sources */ = {isa = PBXBuildFile; fileRef = B36C18B52C99D96700D9D1CC /* TextVC.swift */; };
		B36C18DF2C99D96700D9D1CC /* HomeVC.swift in Sources */ = {isa = PBXBuildFile; fileRef = B36C18B82C99D96700D9D1CC /* HomeVC.swift */; };
		B36C18E02C99D96700D9D1CC /* DailyAnalysisView.swift in Sources */ = {isa = PBXBuildFile; fileRef = B36C18B92C99D96700D9D1CC /* DailyAnalysisView.swift */; };
		B36C18E12C99D96700D9D1CC /* WaterCupCell.swift in Sources */ = {isa = PBXBuildFile; fileRef = B36C18BA2C99D96700D9D1CC /* WaterCupCell.swift */; };
		B36C18E22C99D96700D9D1CC /* WaterRecordCell.swift in Sources */ = {isa = PBXBuildFile; fileRef = B36C18BB2C99D96700D9D1CC /* WaterRecordCell.swift */; };
		B36C18E32C99D96700D9D1CC /* FirebaseManager.swift in Sources */ = {isa = PBXBuildFile; fileRef = B36C18BD2C99D96700D9D1CC /* FirebaseManager.swift */; };
		B36C18E42C99D96700D9D1CC /* NutritionManager.swift in Sources */ = {isa = PBXBuildFile; fileRef = B36C18BE2C99D96700D9D1CC /* NutritionManager.swift */; };
		B36C18E52C99D96700D9D1CC /* TranslationAPI.swift in Sources */ = {isa = PBXBuildFile; fileRef = B36C18BF2C99D96700D9D1CC /* TranslationAPI.swift */; };
		B36C18E62C99D96700D9D1CC /* TranslationManager.swift in Sources */ = {isa = PBXBuildFile; fileRef = B36C18C02C99D96700D9D1CC /* TranslationManager.swift */; };
		B36C18E72C99D96700D9D1CC /* AppDelegate.swift in Sources */ = {isa = PBXBuildFile; fileRef = B36C18C22C99D96700D9D1CC /* AppDelegate.swift */; };
		B36C18E82C99D96700D9D1CC /* Assets.xcassets in Resources */ = {isa = PBXBuildFile; fileRef = B36C18C32C99D96700D9D1CC /* Assets.xcassets */; };
		B36C18E92C99D96700D9D1CC /* BaseCardTableViewCell.swift in Sources */ = {isa = PBXBuildFile; fileRef = B36C18C42C99D96700D9D1CC /* BaseCardTableViewCell.swift */; };
		B36C18EA2C99D96700D9D1CC /* DietRecord.storyboard in Resources */ = {isa = PBXBuildFile; fileRef = B36C18C52C99D96700D9D1CC /* DietRecord.storyboard */; };
		B36C18EB2C99D96700D9D1CC /* DoubleExtension.swift in Sources */ = {isa = PBXBuildFile; fileRef = B36C18C62C99D96700D9D1CC /* DoubleExtension.swift */; };
		B36C18EC2C99D96700D9D1CC /* GoogleService-Info.plist in Resources */ = {isa = PBXBuildFile; fileRef = B36C18C72C99D96700D9D1CC /* GoogleService-Info.plist */; };
		B36C18EE2C99D96700D9D1CC /* LaunchScreen.storyboard in Resources */ = {isa = PBXBuildFile; fileRef = B36C18CA2C99D96700D9D1CC /* LaunchScreen.storyboard */; };
		B36C18EF2C99D96700D9D1CC /* Main.storyboard in Resources */ = {isa = PBXBuildFile; fileRef = B36C18CC2C99D96700D9D1CC /* Main.storyboard */; };
		B36C18F02C99D96700D9D1CC /* MainTabBarController.swift in Sources */ = {isa = PBXBuildFile; fileRef = B36C18CD2C99D96700D9D1CC /* MainTabBarController.swift */; };
		B36C18F12C99D96700D9D1CC /* SceneDelegate.swift in Sources */ = {isa = PBXBuildFile; fileRef = B36C18CE2C99D96700D9D1CC /* SceneDelegate.swift */; };
		B36C18F22C99D96700D9D1CC /* UIColorExtension.swift in Sources */ = {isa = PBXBuildFile; fileRef = B36C18CF2C99D96700D9D1CC /* UIColorExtension.swift */; };
		B36C18FF2C9A974600D9D1CC /* FriendVC.swift in Sources */ = {isa = PBXBuildFile; fileRef = B36C18FE2C9A974600D9D1CC /* FriendVC.swift */; };
		B36C19012C9A979800D9D1CC /* ProfileVC.swift in Sources */ = {isa = PBXBuildFile; fileRef = B36C19002C9A979800D9D1CC /* ProfileVC.swift */; };
		B36C19092C9A99A800D9D1CC /* WaterRecordModel.swift in Sources */ = {isa = PBXBuildFile; fileRef = B36C19082C9A99A800D9D1CC /* WaterRecordModel.swift */; };
		B36C190B2C9A9BE400D9D1CC /* WaterRecordViewModel.swift in Sources */ = {isa = PBXBuildFile; fileRef = B36C190A2C9A9BE400D9D1CC /* WaterRecordViewModel.swift */; };
		B36C19122C9AD60B00D9D1CC /* DailyAnalysisCell.swift in Sources */ = {isa = PBXBuildFile; fileRef = B36C19112C9AD60B00D9D1CC /* DailyAnalysisCell.swift */; };
		B36C19142C9AD90000D9D1CC /* DailyAnalysisViewModel.swift in Sources */ = {isa = PBXBuildFile; fileRef = B36C19132C9AD90000D9D1CC /* DailyAnalysisViewModel.swift */; };
		B36C19182C9B318600D9D1CC /* WeeklyCalAnalysisCell.swift in Sources */ = {isa = PBXBuildFile; fileRef = B36C19172C9B318600D9D1CC /* WeeklyCalAnalysisCell.swift */; };
		B36C191D2C9B31E500D9D1CC /* WeeklyCalAnalysisView.swift in Sources */ = {isa = PBXBuildFile; fileRef = B36C191C2C9B31E500D9D1CC /* WeeklyCalAnalysisView.swift */; };
		B387D9682C9C7C7400CCC311 /* UserSettings.swift in Sources */ = {isa = PBXBuildFile; fileRef = B387D9672C9C7C7400CCC311 /* UserSettings.swift */; };
		B387D96B2C9C811200CCC311 /* DashboardViewModel.swift in Sources */ = {isa = PBXBuildFile; fileRef = B387D96A2C9C811200CCC311 /* DashboardViewModel.swift */; };
		B387D96F2C9D231900CCC311 /* UserProfileViewModel.swift in Sources */ = {isa = PBXBuildFile; fileRef = B387D96E2C9D231900CCC311 /* UserProfileViewModel.swift */; };
		B387D9722C9EC09E00CCC311 /* MealTitleView.swift in Sources */ = {isa = PBXBuildFile; fileRef = B387D9712C9EC09E00CCC311 /* MealTitleView.swift */; };
		B387D9742C9F269900CCC311 /* WeeklyAnalysisViewModel.swift in Sources */ = {isa = PBXBuildFile; fileRef = B387D9732C9F269900CCC311 /* WeeklyAnalysisViewModel.swift */; };
		B387D9762CA0019C00CCC311 /* NutritionCalculator.swift in Sources */ = {isa = PBXBuildFile; fileRef = B387D9752CA0019C00CCC311 /* NutritionCalculator.swift */; };
		B387D97A2CA0741A00CCC311 /* WeightRecordCell.swift in Sources */ = {isa = PBXBuildFile; fileRef = B387D9792CA0741A00CCC311 /* WeightRecordCell.swift */; };
		B387D97C2CA0743000CCC311 /* WeightRecordView.swift in Sources */ = {isa = PBXBuildFile; fileRef = B387D97B2CA0743000CCC311 /* WeightRecordView.swift */; };
		B387D97E2CA07A8200CCC311 /* WeightRecordViewModel.swift in Sources */ = {isa = PBXBuildFile; fileRef = B387D97D2CA07A8200CCC311 /* WeightRecordViewModel.swift */; };
		B387D9802CA0FA7600CCC311 /* FriendCardCell.swift in Sources */ = {isa = PBXBuildFile; fileRef = B387D97F2CA0FA7600CCC311 /* FriendCardCell.swift */; };
		B387D98A2CA0FB0F00CCC311 /* ProfileCell.swift in Sources */ = {isa = PBXBuildFile; fileRef = B387D9892CA0FB0F00CCC311 /* ProfileCell.swift */; };
		B387D98C2CA0FB1A00CCC311 /* SettingCardCell.swift in Sources */ = {isa = PBXBuildFile; fileRef = B387D98B2CA0FB1A00CCC311 /* SettingCardCell.swift */; };
		B387D98E2CA1483100CCC311 /* FriendViewModel.swift in Sources */ = {isa = PBXBuildFile; fileRef = B387D98D2CA1483100CCC311 /* FriendViewModel.swift */; };
		B387D9922CA1491E00CCC311 /* FriendCardViewModel.swift in Sources */ = {isa = PBXBuildFile; fileRef = B387D9912CA1491E00CCC311 /* FriendCardViewModel.swift */; };
		B387D9942CA14E6200CCC311 /* UserSettingsCalculator.swift in Sources */ = {isa = PBXBuildFile; fileRef = B387D9932CA14E6200CCC311 /* UserSettingsCalculator.swift */; };
		B387D9972CA1B34100CCC311 /* UserBasicCardCell.swift in Sources */ = {isa = PBXBuildFile; fileRef = B387D9962CA1B34100CCC311 /* UserBasicCardCell.swift */; };
		B387D9992CA27AB000CCC311 /* PickerViewModal.swift in Sources */ = {isa = PBXBuildFile; fileRef = B387D9982CA27AB000CCC311 /* PickerViewModal.swift */; };
		B387D99B2CA27CB000CCC311 /* ModalVC.swift in Sources */ = {isa = PBXBuildFile; fileRef = B387D99A2CA27CB000CCC311 /* ModalVC.swift */; };
		B387D99D2CA27DE400CCC311 /* UIViewExtension.swift in Sources */ = {isa = PBXBuildFile; fileRef = B387D99C2CA27DE400CCC311 /* UIViewExtension.swift */; };
		B387D99F2CA28B4E00CCC311 /* PickerModel.swift in Sources */ = {isa = PBXBuildFile; fileRef = B387D99E2CA28B4E00CCC311 /* PickerModel.swift */; };
		B3B512BC2C9185E700E02A43 /* FirebaseAnalytics in Frameworks */ = {isa = PBXBuildFile; productRef = B3B512BB2C9185E700E02A43 /* FirebaseAnalytics */; };
		B3B512BE2C9185E700E02A43 /* FirebaseAuth in Frameworks */ = {isa = PBXBuildFile; productRef = B3B512BD2C9185E700E02A43 /* FirebaseAuth */; };
		B3B512C02C9185E700E02A43 /* FirebaseFirestore in Frameworks */ = {isa = PBXBuildFile; productRef = B3B512BF2C9185E700E02A43 /* FirebaseFirestore */; };
		B3C3457B2CB535E9001294AA /* FirebaseCrashlytics in Frameworks */ = {isa = PBXBuildFile; productRef = B3C3457A2CB535E9001294AA /* FirebaseCrashlytics */; };
		B3C3457D2CB7E4E3001294AA /* UIImageExtension.swift in Sources */ = {isa = PBXBuildFile; fileRef = B3C3457C2CB7E4E3001294AA /* UIImageExtension.swift */; };
		B3C3457F2CB8D1A3001294AA /* HapticFeedbackHelper.swift in Sources */ = {isa = PBXBuildFile; fileRef = B3C3457E2CB8D1A3001294AA /* HapticFeedbackHelper.swift */; };
		B3C345822CB8FD6C001294AA /* TemporaryAlert.swift in Sources */ = {isa = PBXBuildFile; fileRef = B3C345812CB8FD6C001294AA /* TemporaryAlert.swift */; };
		B3FA11702CA69283001A3805 /* SignInVC.swift in Sources */ = {isa = PBXBuildFile; fileRef = B3FA116F2CA69283001A3805 /* SignInVC.swift */; };
		B3FA11742CA80488001A3805 /* InfoNameVC.swift in Sources */ = {isa = PBXBuildFile; fileRef = B3FA11732CA80488001A3805 /* InfoNameVC.swift */; };
		B3FA11762CA8049C001A3805 /* InfoGenderVC.swift in Sources */ = {isa = PBXBuildFile; fileRef = B3FA11752CA8049C001A3805 /* InfoGenderVC.swift */; };
		B3FA11782CA804B9001A3805 /* InfoBirthdayVC.swift in Sources */ = {isa = PBXBuildFile; fileRef = B3FA11772CA804B9001A3805 /* InfoBirthdayVC.swift */; };
		B3FA117A2CA804CE001A3805 /* InfoHeightVC.swift in Sources */ = {isa = PBXBuildFile; fileRef = B3FA11792CA804CE001A3805 /* InfoHeightVC.swift */; };
		B3FA117C2CA804D8001A3805 /* InfoWeightVC.swift in Sources */ = {isa = PBXBuildFile; fileRef = B3FA117B2CA804D8001A3805 /* InfoWeightVC.swift */; };
		B3FA117E2CA804EA001A3805 /* InfoActivityVC.swift in Sources */ = {isa = PBXBuildFile; fileRef = B3FA117D2CA804EA001A3805 /* InfoActivityVC.swift */; };
		B3FA11802CA804F6001A3805 /* InfoTargetVC.swift in Sources */ = {isa = PBXBuildFile; fileRef = B3FA117F2CA804F6001A3805 /* InfoTargetVC.swift */; };
		B3FA11822CA8050A001A3805 /* InfoStartVC.swift in Sources */ = {isa = PBXBuildFile; fileRef = B3FA11812CA8050A001A3805 /* InfoStartVC.swift */; };
		B3FA11852CA855B2001A3805 /* UserInfoCollector.swift in Sources */ = {isa = PBXBuildFile; fileRef = B3FA11842CA855B2001A3805 /* UserInfoCollector.swift */; };
		B3FA11912CAA66B4001A3805 /* FillWaterView.swift in Sources */ = {isa = PBXBuildFile; fileRef = B3FA11902CAA66B4001A3805 /* FillWaterView.swift */; };
		B3FA11932CAA66CC001A3805 /* EmptyWaterView.swift in Sources */ = {isa = PBXBuildFile; fileRef = B3FA11922CAA66CC001A3805 /* EmptyWaterView.swift */; };
		B3FA119A2CAA925A001A3805 /* WidgetKit.framework in Frameworks */ = {isa = PBXBuildFile; fileRef = B3FA11992CAA925A001A3805 /* WidgetKit.framework */; };
		B3FA119C2CAA925A001A3805 /* SwiftUI.framework in Frameworks */ = {isa = PBXBuildFile; fileRef = B3FA119B2CAA925A001A3805 /* SwiftUI.framework */; };
		B3FA119F2CAA925A001A3805 /* CalControlWidgetBundle.swift in Sources */ = {isa = PBXBuildFile; fileRef = B3FA119E2CAA925A001A3805 /* CalControlWidgetBundle.swift */; };
		B3FA11A12CAA925A001A3805 /* CalControlWidget.swift in Sources */ = {isa = PBXBuildFile; fileRef = B3FA11A02CAA925A001A3805 /* CalControlWidget.swift */; };
		B3FA11A32CAA925C001A3805 /* Assets.xcassets in Resources */ = {isa = PBXBuildFile; fileRef = B3FA11A22CAA925C001A3805 /* Assets.xcassets */; };
		B3FA11A72CAA925C001A3805 /* CalControlWidgetExtension.appex in Embed Foundation Extensions */ = {isa = PBXBuildFile; fileRef = B3FA11982CAA925A001A3805 /* CalControlWidgetExtension.appex */; settings = {ATTRIBUTES = (RemoveHeadersOnCopy, ); }; };
		B3FA11B32CAA9E27001A3805 /* DailyProgressView.swift in Sources */ = {isa = PBXBuildFile; fileRef = B3FA11B22CAA9E27001A3805 /* DailyProgressView.swift */; };
		B3FA11B42CAA9E27001A3805 /* DailyProgressView.swift in Sources */ = {isa = PBXBuildFile; fileRef = B3FA11B22CAA9E27001A3805 /* DailyProgressView.swift */; };
		B3FA11B72CABB8F9001A3805 /* DatePickerModal.swift in Sources */ = {isa = PBXBuildFile; fileRef = B3FA11B62CABB8F9001A3805 /* DatePickerModal.swift */; };
		B3FA11B92CAD0FED001A3805 /* DataCollectionContainerVC.swift in Sources */ = {isa = PBXBuildFile; fileRef = B3FA11B82CAD0FED001A3805 /* DataCollectionContainerVC.swift */; };
		B3FA11BE2CAD9D40001A3805 /* Lottie in Frameworks */ = {isa = PBXBuildFile; productRef = B3FA11BD2CAD9D40001A3805 /* Lottie */; };
		B3FA11C32CAD9E31001A3805 /* PlusToXAnimation.json in Resources */ = {isa = PBXBuildFile; fileRef = B3FA11C02CAD9E31001A3805 /* PlusToXAnimation.json */; };
		B3FA11C42CAD9E31001A3805 /* ButtonAnimation.json in Resources */ = {isa = PBXBuildFile; fileRef = B3FA11C12CAD9E31001A3805 /* ButtonAnimation.json */; };
		B3FA11C52CAD9E31001A3805 /* PawLoadingAnimation.json in Resources */ = {isa = PBXBuildFile; fileRef = B3FA11C22CAD9E31001A3805 /* PawLoadingAnimation.json */; };
		B3FA11C82CADA535001A3805 /* FoodLoadingAnimation.json in Resources */ = {isa = PBXBuildFile; fileRef = B3FA11C62CADA535001A3805 /* FoodLoadingAnimation.json */; };
		B3FA11C92CADA535001A3805 /* RibbonAnimation.json in Resources */ = {isa = PBXBuildFile; fileRef = B3FA11C72CADA535001A3805 /* RibbonAnimation.json */; };
		B3FA11CB2CADA9C4001A3805 /* FoodCarouselAnimation.json in Resources */ = {isa = PBXBuildFile; fileRef = B3FA11CA2CADA9C4001A3805 /* FoodCarouselAnimation.json */; };
/* End PBXBuildFile section */

/* Begin PBXContainerItemProxy section */
		B3366C592CB43BC800C14D7F /* PBXContainerItemProxy */ = {
			isa = PBXContainerItemProxy;
			containerPortal = B3B5127D2C91682600E02A43 /* Project object */;
			proxyType = 1;
			remoteGlobalIDString = B3B512842C91682700E02A43;
			remoteInfo = CalControlPlus;
		};
		B3FA11A52CAA925C001A3805 /* PBXContainerItemProxy */ = {
			isa = PBXContainerItemProxy;
			containerPortal = B3B5127D2C91682600E02A43 /* Project object */;
			proxyType = 1;
			remoteGlobalIDString = B3FA11972CAA925A001A3805;
			remoteInfo = CalControlWidgetExtension;
		};
/* End PBXContainerItemProxy section */

/* Begin PBXCopyFilesBuildPhase section */
		B3FA11AB2CAA925C001A3805 /* Embed Foundation Extensions */ = {
			isa = PBXCopyFilesBuildPhase;
			buildActionMask = 2147483647;
			dstPath = "";
			dstSubfolderSpec = 13;
			files = (
				B3FA11A72CAA925C001A3805 /* CalControlWidgetExtension.appex in Embed Foundation Extensions */,
			);
			name = "Embed Foundation Extensions";
			runOnlyForDeploymentPostprocessing = 0;
		};
/* End PBXCopyFilesBuildPhase section */

/* Begin PBXFileReference section */
		B309F9042CA3E2A300414F5B /* UITableViewExtension.swift */ = {isa = PBXFileReference; lastKnownFileType = sourcecode.swift; path = UITableViewExtension.swift; sourceTree = "<group>"; };
		B31384652CA50C98008272B0 /* WeightRecordDetailVC.swift */ = {isa = PBXFileReference; lastKnownFileType = sourcecode.swift; path = WeightRecordDetailVC.swift; sourceTree = "<group>"; };
		B31384672CA50D38008272B0 /* WeightRecordDetailCell.swift */ = {isa = PBXFileReference; lastKnownFileType = sourcecode.swift; path = WeightRecordDetailCell.swift; sourceTree = "<group>"; };
		B31384692CA53A21008272B0 /* FoodDetailVC.swift */ = {isa = PBXFileReference; lastKnownFileType = sourcecode.swift; path = FoodDetailVC.swift; sourceTree = "<group>"; };
		B313846B2CA53B28008272B0 /* FoodDetailCell.swift */ = {isa = PBXFileReference; lastKnownFileType = sourcecode.swift; path = FoodDetailCell.swift; sourceTree = "<group>"; };
		B313846D2CA55B5E008272B0 /* DeleteButtonCell.swift */ = {isa = PBXFileReference; lastKnownFileType = sourcecode.swift; path = DeleteButtonCell.swift; sourceTree = "<group>"; };
		B313846F2CA59847008272B0 /* AddFriendVC.swift */ = {isa = PBXFileReference; lastKnownFileType = sourcecode.swift; path = AddFriendVC.swift; sourceTree = "<group>"; };
		B31384712CA5ACA4008272B0 /* InputFriendIDVC.swift */ = {isa = PBXFileReference; lastKnownFileType = sourcecode.swift; path = InputFriendIDVC.swift; sourceTree = "<group>"; };
		B31384732CA5ACB3008272B0 /* ShowQRCodeVC.swift */ = {isa = PBXFileReference; lastKnownFileType = sourcecode.swift; path = ShowQRCodeVC.swift; sourceTree = "<group>"; };
		B31384752CA5ACBD008272B0 /* ScanQRCodeVC.swift */ = {isa = PBXFileReference; lastKnownFileType = sourcecode.swift; path = ScanQRCodeVC.swift; sourceTree = "<group>"; };
		B323DC702CAE997E006C35AC /* LoadingView.swift */ = {isa = PBXFileReference; lastKnownFileType = sourcecode.swift; path = LoadingView.swift; sourceTree = "<group>"; };
		B323DC722CAEEE34006C35AC /* toggleDayNightAnimation.json */ = {isa = PBXFileReference; fileEncoding = 4; lastKnownFileType = text.json; path = toggleDayNightAnimation.json; sourceTree = "<group>"; };
		B323DC742CAEF1FD006C35AC /* FriendListVC.swift */ = {isa = PBXFileReference; lastKnownFileType = sourcecode.swift; path = FriendListVC.swift; sourceTree = "<group>"; };
		B323DC762CAEF2B6006C35AC /* FriendListCell.swift */ = {isa = PBXFileReference; lastKnownFileType = sourcecode.swift; path = FriendListCell.swift; sourceTree = "<group>"; };
		B323DC782CAF0F51006C35AC /* BlockListVC.swift */ = {isa = PBXFileReference; lastKnownFileType = sourcecode.swift; path = BlockListVC.swift; sourceTree = "<group>"; };
		B32CDD6B2C9BC8E000F92244 /* WeeklyNutriAnalysisView.swift */ = {isa = PBXFileReference; lastKnownFileType = sourcecode.swift; path = WeeklyNutriAnalysisView.swift; sourceTree = "<group>"; };
		B32CDD6D2C9BC8F400F92244 /* WeeklyNutriAnalysisCell.swift */ = {isa = PBXFileReference; lastKnownFileType = sourcecode.swift; path = WeeklyNutriAnalysisCell.swift; sourceTree = "<group>"; };
		B32CDD702C9BCD7F00F92244 /* WeeklyNutriModel.swift */ = {isa = PBXFileReference; lastKnownFileType = sourcecode.swift; path = WeeklyNutriModel.swift; sourceTree = "<group>"; };
		B32CDD752C9BF3E700F92244 /* MealRecordCell.swift */ = {isa = PBXFileReference; lastKnownFileType = sourcecode.swift; path = MealRecordCell.swift; sourceTree = "<group>"; };
		B32CDD772C9BF61100F92244 /* FoodRecordCell.swift */ = {isa = PBXFileReference; lastKnownFileType = sourcecode.swift; path = FoodRecordCell.swift; sourceTree = "<group>"; };
		B32CDD7D2C9C492A00F92244 /* HomeViewModel.swift */ = {isa = PBXFileReference; lastKnownFileType = sourcecode.swift; path = HomeViewModel.swift; sourceTree = "<group>"; };
		B32CDD892C9C4E4500F92244 /* UIImageViewExtension.swift */ = {isa = PBXFileReference; lastKnownFileType = sourcecode.swift; path = UIImageViewExtension.swift; sourceTree = "<group>"; };
		B3366C422CB13ABC00C14D7F /* CoreDataManager.swift */ = {isa = PBXFileReference; lastKnownFileType = sourcecode.swift; path = CoreDataManager.swift; sourceTree = "<group>"; };
		B3366C452CB13AEC00C14D7F /* FoodItem.xcdatamodel */ = {isa = PBXFileReference; lastKnownFileType = wrapper.xcdatamodel; path = FoodItem.xcdatamodel; sourceTree = "<group>"; };
		B3366C4B2CB1404D00C14D7F /* InputViewController.swift */ = {isa = PBXFileReference; lastKnownFileType = sourcecode.swift; path = InputViewController.swift; sourceTree = "<group>"; };
		B3366C4F2CB3D38200C14D7F /* Logger.swift */ = {isa = PBXFileReference; lastKnownFileType = sourcecode.swift; path = Logger.swift; sourceTree = "<group>"; };
		B3366C552CB43BC800C14D7F /* CalControlPlusTests.xctest */ = {isa = PBXFileReference; explicitFileType = wrapper.cfbundle; includeInIndex = 0; path = CalControlPlusTests.xctest; sourceTree = BUILT_PRODUCTS_DIR; };
		B3366C572CB43BC800C14D7F /* CalControlPlusTests.swift */ = {isa = PBXFileReference; lastKnownFileType = sourcecode.swift; path = CalControlPlusTests.swift; sourceTree = "<group>"; };
		B3366C5E2CB4C51500C14D7F /* KeyboardManager.swift */ = {isa = PBXFileReference; lastKnownFileType = sourcecode.swift; path = KeyboardManager.swift; sourceTree = "<group>"; };
		B36C18A52C99D96700D9D1CC /* DashboardVC.swift */ = {isa = PBXFileReference; fileEncoding = 4; lastKnownFileType = sourcecode.swift; path = DashboardVC.swift; sourceTree = "<group>"; };
		B36C18A72C99D96700D9D1CC /* FoodImageClassifier.mlmodel */ = {isa = PBXFileReference; lastKnownFileType = file.mlmodel; path = FoodImageClassifier.mlmodel; sourceTree = "<group>"; };
		B36C18A82C99D96700D9D1CC /* FoodRecordModel.swift */ = {isa = PBXFileReference; fileEncoding = 4; lastKnownFileType = sourcecode.swift; path = FoodRecordModel.swift; sourceTree = "<group>"; };
		B36C18AA2C99D96700D9D1CC /* NutritionFactsCell.swift */ = {isa = PBXFileReference; fileEncoding = 4; lastKnownFileType = sourcecode.swift; path = NutritionFactsCell.swift; sourceTree = "<group>"; };
		B36C18AB2C99D96700D9D1CC /* NutritionImageCell.swift */ = {isa = PBXFileReference; fileEncoding = 4; lastKnownFileType = sourcecode.swift; path = NutritionImageCell.swift; sourceTree = "<group>"; };
		B36C18AC2C99D96700D9D1CC /* NutritionTitleCell.swift */ = {isa = PBXFileReference; fileEncoding = 4; lastKnownFileType = sourcecode.swift; path = NutritionTitleCell.swift; sourceTree = "<group>"; };
		B36C18AD2C99D96700D9D1CC /* RecordTabBarController.swift */ = {isa = PBXFileReference; fileEncoding = 4; lastKnownFileType = sourcecode.swift; path = RecordTabBarController.swift; sourceTree = "<group>"; };
		B36C18AE2C99D96700D9D1CC /* TextViewCell.swift */ = {isa = PBXFileReference; fileEncoding = 4; lastKnownFileType = sourcecode.swift; path = TextViewCell.swift; sourceTree = "<group>"; };
		B36C18B02C99D96700D9D1CC /* CameraVC.swift */ = {isa = PBXFileReference; fileEncoding = 4; lastKnownFileType = sourcecode.swift; path = CameraVC.swift; sourceTree = "<group>"; };
		B36C18B12C99D96700D9D1CC /* CheckVC.swift */ = {isa = PBXFileReference; fileEncoding = 4; lastKnownFileType = sourcecode.swift; path = CheckVC.swift; sourceTree = "<group>"; };
		B36C18B32C99D96700D9D1CC /* NutritionVC.swift */ = {isa = PBXFileReference; fileEncoding = 4; lastKnownFileType = sourcecode.swift; path = NutritionVC.swift; sourceTree = "<group>"; };
		B36C18B42C99D96700D9D1CC /* PhotosVC.swift */ = {isa = PBXFileReference; fileEncoding = 4; lastKnownFileType = sourcecode.swift; path = PhotosVC.swift; sourceTree = "<group>"; };
		B36C18B52C99D96700D9D1CC /* TextVC.swift */ = {isa = PBXFileReference; fileEncoding = 4; lastKnownFileType = sourcecode.swift; path = TextVC.swift; sourceTree = "<group>"; };
		B36C18B82C99D96700D9D1CC /* HomeVC.swift */ = {isa = PBXFileReference; fileEncoding = 4; lastKnownFileType = sourcecode.swift; path = HomeVC.swift; sourceTree = "<group>"; };
		B36C18B92C99D96700D9D1CC /* DailyAnalysisView.swift */ = {isa = PBXFileReference; fileEncoding = 4; lastKnownFileType = sourcecode.swift; path = DailyAnalysisView.swift; sourceTree = "<group>"; };
		B36C18BA2C99D96700D9D1CC /* WaterCupCell.swift */ = {isa = PBXFileReference; fileEncoding = 4; lastKnownFileType = sourcecode.swift; path = WaterCupCell.swift; sourceTree = "<group>"; };
		B36C18BB2C99D96700D9D1CC /* WaterRecordCell.swift */ = {isa = PBXFileReference; fileEncoding = 4; lastKnownFileType = sourcecode.swift; path = WaterRecordCell.swift; sourceTree = "<group>"; };
		B36C18BD2C99D96700D9D1CC /* FirebaseManager.swift */ = {isa = PBXFileReference; fileEncoding = 4; lastKnownFileType = sourcecode.swift; path = FirebaseManager.swift; sourceTree = "<group>"; };
		B36C18BE2C99D96700D9D1CC /* NutritionManager.swift */ = {isa = PBXFileReference; fileEncoding = 4; lastKnownFileType = sourcecode.swift; path = NutritionManager.swift; sourceTree = "<group>"; };
		B36C18BF2C99D96700D9D1CC /* TranslationAPI.swift */ = {isa = PBXFileReference; fileEncoding = 4; lastKnownFileType = sourcecode.swift; path = TranslationAPI.swift; sourceTree = "<group>"; };
		B36C18C02C99D96700D9D1CC /* TranslationManager.swift */ = {isa = PBXFileReference; fileEncoding = 4; lastKnownFileType = sourcecode.swift; path = TranslationManager.swift; sourceTree = "<group>"; };
		B36C18C22C99D96700D9D1CC /* AppDelegate.swift */ = {isa = PBXFileReference; fileEncoding = 4; lastKnownFileType = sourcecode.swift; path = AppDelegate.swift; sourceTree = "<group>"; };
		B36C18C32C99D96700D9D1CC /* Assets.xcassets */ = {isa = PBXFileReference; lastKnownFileType = folder.assetcatalog; path = Assets.xcassets; sourceTree = "<group>"; };
		B36C18C42C99D96700D9D1CC /* BaseCardTableViewCell.swift */ = {isa = PBXFileReference; fileEncoding = 4; lastKnownFileType = sourcecode.swift; path = BaseCardTableViewCell.swift; sourceTree = "<group>"; };
		B36C18C52C99D96700D9D1CC /* DietRecord.storyboard */ = {isa = PBXFileReference; fileEncoding = 4; lastKnownFileType = file.storyboard; path = DietRecord.storyboard; sourceTree = "<group>"; };
		B36C18C62C99D96700D9D1CC /* DoubleExtension.swift */ = {isa = PBXFileReference; fileEncoding = 4; lastKnownFileType = sourcecode.swift; path = DoubleExtension.swift; sourceTree = "<group>"; };
		B36C18C72C99D96700D9D1CC /* GoogleService-Info.plist */ = {isa = PBXFileReference; fileEncoding = 4; lastKnownFileType = text.plist.xml; path = "GoogleService-Info.plist"; sourceTree = "<group>"; };
		B36C18C82C99D96700D9D1CC /* Info.plist */ = {isa = PBXFileReference; fileEncoding = 4; lastKnownFileType = text.plist.xml; path = Info.plist; sourceTree = "<group>"; };
		B36C18C92C99D96700D9D1CC /* Base */ = {isa = PBXFileReference; lastKnownFileType = file.storyboard; name = Base; path = Base.lproj/LaunchScreen.storyboard; sourceTree = "<group>"; };
		B36C18CB2C99D96700D9D1CC /* Base */ = {isa = PBXFileReference; lastKnownFileType = file.storyboard; name = Base; path = Base.lproj/Main.storyboard; sourceTree = "<group>"; };
		B36C18CD2C99D96700D9D1CC /* MainTabBarController.swift */ = {isa = PBXFileReference; fileEncoding = 4; lastKnownFileType = sourcecode.swift; path = MainTabBarController.swift; sourceTree = "<group>"; };
		B36C18CE2C99D96700D9D1CC /* SceneDelegate.swift */ = {isa = PBXFileReference; fileEncoding = 4; lastKnownFileType = sourcecode.swift; path = SceneDelegate.swift; sourceTree = "<group>"; };
		B36C18CF2C99D96700D9D1CC /* UIColorExtension.swift */ = {isa = PBXFileReference; fileEncoding = 4; lastKnownFileType = sourcecode.swift; path = UIColorExtension.swift; sourceTree = "<group>"; };
		B36C18FE2C9A974600D9D1CC /* FriendVC.swift */ = {isa = PBXFileReference; lastKnownFileType = sourcecode.swift; path = FriendVC.swift; sourceTree = "<group>"; };
		B36C19002C9A979800D9D1CC /* ProfileVC.swift */ = {isa = PBXFileReference; lastKnownFileType = sourcecode.swift; path = ProfileVC.swift; sourceTree = "<group>"; };
		B36C19082C9A99A800D9D1CC /* WaterRecordModel.swift */ = {isa = PBXFileReference; lastKnownFileType = sourcecode.swift; path = WaterRecordModel.swift; sourceTree = "<group>"; };
		B36C190A2C9A9BE400D9D1CC /* WaterRecordViewModel.swift */ = {isa = PBXFileReference; lastKnownFileType = sourcecode.swift; path = WaterRecordViewModel.swift; sourceTree = "<group>"; };
		B36C19112C9AD60B00D9D1CC /* DailyAnalysisCell.swift */ = {isa = PBXFileReference; lastKnownFileType = sourcecode.swift; path = DailyAnalysisCell.swift; sourceTree = "<group>"; };
		B36C19132C9AD90000D9D1CC /* DailyAnalysisViewModel.swift */ = {isa = PBXFileReference; lastKnownFileType = sourcecode.swift; path = DailyAnalysisViewModel.swift; sourceTree = "<group>"; };
		B36C19172C9B318600D9D1CC /* WeeklyCalAnalysisCell.swift */ = {isa = PBXFileReference; lastKnownFileType = sourcecode.swift; path = WeeklyCalAnalysisCell.swift; sourceTree = "<group>"; };
		B36C191C2C9B31E500D9D1CC /* WeeklyCalAnalysisView.swift */ = {isa = PBXFileReference; lastKnownFileType = sourcecode.swift; path = WeeklyCalAnalysisView.swift; sourceTree = "<group>"; };
		B387D9672C9C7C7400CCC311 /* UserSettings.swift */ = {isa = PBXFileReference; lastKnownFileType = sourcecode.swift; path = UserSettings.swift; sourceTree = "<group>"; };
		B387D96A2C9C811200CCC311 /* DashboardViewModel.swift */ = {isa = PBXFileReference; lastKnownFileType = sourcecode.swift; path = DashboardViewModel.swift; sourceTree = "<group>"; };
		B387D96E2C9D231900CCC311 /* UserProfileViewModel.swift */ = {isa = PBXFileReference; lastKnownFileType = sourcecode.swift; path = UserProfileViewModel.swift; sourceTree = "<group>"; };
		B387D9712C9EC09E00CCC311 /* MealTitleView.swift */ = {isa = PBXFileReference; lastKnownFileType = sourcecode.swift; path = MealTitleView.swift; sourceTree = "<group>"; };
		B387D9732C9F269900CCC311 /* WeeklyAnalysisViewModel.swift */ = {isa = PBXFileReference; lastKnownFileType = sourcecode.swift; path = WeeklyAnalysisViewModel.swift; sourceTree = "<group>"; };
		B387D9752CA0019C00CCC311 /* NutritionCalculator.swift */ = {isa = PBXFileReference; lastKnownFileType = sourcecode.swift; path = NutritionCalculator.swift; sourceTree = "<group>"; };
		B387D9792CA0741A00CCC311 /* WeightRecordCell.swift */ = {isa = PBXFileReference; lastKnownFileType = sourcecode.swift; path = WeightRecordCell.swift; sourceTree = "<group>"; };
		B387D97B2CA0743000CCC311 /* WeightRecordView.swift */ = {isa = PBXFileReference; lastKnownFileType = sourcecode.swift; path = WeightRecordView.swift; sourceTree = "<group>"; };
		B387D97D2CA07A8200CCC311 /* WeightRecordViewModel.swift */ = {isa = PBXFileReference; lastKnownFileType = sourcecode.swift; path = WeightRecordViewModel.swift; sourceTree = "<group>"; };
		B387D97F2CA0FA7600CCC311 /* FriendCardCell.swift */ = {isa = PBXFileReference; lastKnownFileType = sourcecode.swift; path = FriendCardCell.swift; sourceTree = "<group>"; };
		B387D9892CA0FB0F00CCC311 /* ProfileCell.swift */ = {isa = PBXFileReference; lastKnownFileType = sourcecode.swift; path = ProfileCell.swift; sourceTree = "<group>"; };
		B387D98B2CA0FB1A00CCC311 /* SettingCardCell.swift */ = {isa = PBXFileReference; lastKnownFileType = sourcecode.swift; path = SettingCardCell.swift; sourceTree = "<group>"; };
		B387D98D2CA1483100CCC311 /* FriendViewModel.swift */ = {isa = PBXFileReference; lastKnownFileType = sourcecode.swift; path = FriendViewModel.swift; sourceTree = "<group>"; };
		B387D9912CA1491E00CCC311 /* FriendCardViewModel.swift */ = {isa = PBXFileReference; lastKnownFileType = sourcecode.swift; path = FriendCardViewModel.swift; sourceTree = "<group>"; };
		B387D9932CA14E6200CCC311 /* UserSettingsCalculator.swift */ = {isa = PBXFileReference; lastKnownFileType = sourcecode.swift; path = UserSettingsCalculator.swift; sourceTree = "<group>"; };
		B387D9962CA1B34100CCC311 /* UserBasicCardCell.swift */ = {isa = PBXFileReference; lastKnownFileType = sourcecode.swift; path = UserBasicCardCell.swift; sourceTree = "<group>"; };
		B387D9982CA27AB000CCC311 /* PickerViewModal.swift */ = {isa = PBXFileReference; lastKnownFileType = sourcecode.swift; path = PickerViewModal.swift; sourceTree = "<group>"; };
		B387D99A2CA27CB000CCC311 /* ModalVC.swift */ = {isa = PBXFileReference; lastKnownFileType = sourcecode.swift; path = ModalVC.swift; sourceTree = "<group>"; };
		B387D99C2CA27DE400CCC311 /* UIViewExtension.swift */ = {isa = PBXFileReference; lastKnownFileType = sourcecode.swift; path = UIViewExtension.swift; sourceTree = "<group>"; };
		B387D99E2CA28B4E00CCC311 /* PickerModel.swift */ = {isa = PBXFileReference; lastKnownFileType = sourcecode.swift; path = PickerModel.swift; sourceTree = "<group>"; };
		B3B512852C91682700E02A43 /* CalControlPlus.app */ = {isa = PBXFileReference; explicitFileType = wrapper.application; includeInIndex = 0; path = CalControlPlus.app; sourceTree = BUILT_PRODUCTS_DIR; };
		B3C3457C2CB7E4E3001294AA /* UIImageExtension.swift */ = {isa = PBXFileReference; lastKnownFileType = sourcecode.swift; path = UIImageExtension.swift; sourceTree = "<group>"; };
		B3C3457E2CB8D1A3001294AA /* HapticFeedbackHelper.swift */ = {isa = PBXFileReference; lastKnownFileType = sourcecode.swift; path = HapticFeedbackHelper.swift; sourceTree = "<group>"; };
		B3C345812CB8FD6C001294AA /* TemporaryAlert.swift */ = {isa = PBXFileReference; lastKnownFileType = sourcecode.swift; path = TemporaryAlert.swift; sourceTree = "<group>"; };
		B3FA116D2CA69202001A3805 /* CalControlPlus.entitlements */ = {isa = PBXFileReference; lastKnownFileType = text.plist.entitlements; path = CalControlPlus.entitlements; sourceTree = "<group>"; };
		B3FA116F2CA69283001A3805 /* SignInVC.swift */ = {isa = PBXFileReference; lastKnownFileType = sourcecode.swift; path = SignInVC.swift; sourceTree = "<group>"; };
		B3FA11732CA80488001A3805 /* InfoNameVC.swift */ = {isa = PBXFileReference; lastKnownFileType = sourcecode.swift; path = InfoNameVC.swift; sourceTree = "<group>"; };
		B3FA11752CA8049C001A3805 /* InfoGenderVC.swift */ = {isa = PBXFileReference; lastKnownFileType = sourcecode.swift; path = InfoGenderVC.swift; sourceTree = "<group>"; };
		B3FA11772CA804B9001A3805 /* InfoBirthdayVC.swift */ = {isa = PBXFileReference; lastKnownFileType = sourcecode.swift; path = InfoBirthdayVC.swift; sourceTree = "<group>"; };
		B3FA11792CA804CE001A3805 /* InfoHeightVC.swift */ = {isa = PBXFileReference; lastKnownFileType = sourcecode.swift; path = InfoHeightVC.swift; sourceTree = "<group>"; };
		B3FA117B2CA804D8001A3805 /* InfoWeightVC.swift */ = {isa = PBXFileReference; lastKnownFileType = sourcecode.swift; path = InfoWeightVC.swift; sourceTree = "<group>"; };
		B3FA117D2CA804EA001A3805 /* InfoActivityVC.swift */ = {isa = PBXFileReference; lastKnownFileType = sourcecode.swift; path = InfoActivityVC.swift; sourceTree = "<group>"; };
		B3FA117F2CA804F6001A3805 /* InfoTargetVC.swift */ = {isa = PBXFileReference; lastKnownFileType = sourcecode.swift; path = InfoTargetVC.swift; sourceTree = "<group>"; };
		B3FA11812CA8050A001A3805 /* InfoStartVC.swift */ = {isa = PBXFileReference; lastKnownFileType = sourcecode.swift; path = InfoStartVC.swift; sourceTree = "<group>"; };
		B3FA11842CA855B2001A3805 /* UserInfoCollector.swift */ = {isa = PBXFileReference; lastKnownFileType = sourcecode.swift; path = UserInfoCollector.swift; sourceTree = "<group>"; };
		B3FA11902CAA66B4001A3805 /* FillWaterView.swift */ = {isa = PBXFileReference; fileEncoding = 4; lastKnownFileType = sourcecode.swift; path = FillWaterView.swift; sourceTree = "<group>"; };
		B3FA11922CAA66CC001A3805 /* EmptyWaterView.swift */ = {isa = PBXFileReference; fileEncoding = 4; lastKnownFileType = sourcecode.swift; path = EmptyWaterView.swift; sourceTree = "<group>"; };
		B3FA11982CAA925A001A3805 /* CalControlWidgetExtension.appex */ = {isa = PBXFileReference; explicitFileType = "wrapper.app-extension"; includeInIndex = 0; path = CalControlWidgetExtension.appex; sourceTree = BUILT_PRODUCTS_DIR; };
		B3FA11992CAA925A001A3805 /* WidgetKit.framework */ = {isa = PBXFileReference; lastKnownFileType = wrapper.framework; name = WidgetKit.framework; path = System/Library/Frameworks/WidgetKit.framework; sourceTree = SDKROOT; };
		B3FA119B2CAA925A001A3805 /* SwiftUI.framework */ = {isa = PBXFileReference; lastKnownFileType = wrapper.framework; name = SwiftUI.framework; path = System/Library/Frameworks/SwiftUI.framework; sourceTree = SDKROOT; };
		B3FA119E2CAA925A001A3805 /* CalControlWidgetBundle.swift */ = {isa = PBXFileReference; lastKnownFileType = sourcecode.swift; path = CalControlWidgetBundle.swift; sourceTree = "<group>"; };
		B3FA11A02CAA925A001A3805 /* CalControlWidget.swift */ = {isa = PBXFileReference; lastKnownFileType = sourcecode.swift; path = CalControlWidget.swift; sourceTree = "<group>"; };
		B3FA11A22CAA925C001A3805 /* Assets.xcassets */ = {isa = PBXFileReference; lastKnownFileType = folder.assetcatalog; path = Assets.xcassets; sourceTree = "<group>"; };
		B3FA11A42CAA925C001A3805 /* Info.plist */ = {isa = PBXFileReference; lastKnownFileType = text.plist.xml; path = Info.plist; sourceTree = "<group>"; };
		B3FA11AC2CAA9761001A3805 /* CalControlWidgetExtension.entitlements */ = {isa = PBXFileReference; lastKnownFileType = text.plist.entitlements; path = CalControlWidgetExtension.entitlements; sourceTree = "<group>"; };
		B3FA11B22CAA9E27001A3805 /* DailyProgressView.swift */ = {isa = PBXFileReference; lastKnownFileType = sourcecode.swift; path = DailyProgressView.swift; sourceTree = "<group>"; };
		B3FA11B62CABB8F9001A3805 /* DatePickerModal.swift */ = {isa = PBXFileReference; lastKnownFileType = sourcecode.swift; path = DatePickerModal.swift; sourceTree = "<group>"; };
		B3FA11B82CAD0FED001A3805 /* DataCollectionContainerVC.swift */ = {isa = PBXFileReference; lastKnownFileType = sourcecode.swift; path = DataCollectionContainerVC.swift; sourceTree = "<group>"; };
		B3FA11C02CAD9E31001A3805 /* PlusToXAnimation.json */ = {isa = PBXFileReference; fileEncoding = 4; lastKnownFileType = text.json; path = PlusToXAnimation.json; sourceTree = "<group>"; };
		B3FA11C12CAD9E31001A3805 /* ButtonAnimation.json */ = {isa = PBXFileReference; fileEncoding = 4; lastKnownFileType = text.json; path = ButtonAnimation.json; sourceTree = "<group>"; };
		B3FA11C22CAD9E31001A3805 /* PawLoadingAnimation.json */ = {isa = PBXFileReference; fileEncoding = 4; lastKnownFileType = text.json; path = PawLoadingAnimation.json; sourceTree = "<group>"; };
		B3FA11C62CADA535001A3805 /* FoodLoadingAnimation.json */ = {isa = PBXFileReference; fileEncoding = 4; lastKnownFileType = text.json; path = FoodLoadingAnimation.json; sourceTree = "<group>"; };
		B3FA11C72CADA535001A3805 /* RibbonAnimation.json */ = {isa = PBXFileReference; fileEncoding = 4; lastKnownFileType = text.json; path = RibbonAnimation.json; sourceTree = "<group>"; };
		B3FA11CA2CADA9C4001A3805 /* FoodCarouselAnimation.json */ = {isa = PBXFileReference; fileEncoding = 4; lastKnownFileType = text.json; path = FoodCarouselAnimation.json; sourceTree = "<group>"; };
/* End PBXFileReference section */

/* Begin PBXFrameworksBuildPhase section */
		B3366C522CB43BC800C14D7F /* Frameworks */ = {
			isa = PBXFrameworksBuildPhase;
			buildActionMask = 2147483647;
			files = (
			);
			runOnlyForDeploymentPostprocessing = 0;
		};
		B3B512822C91682700E02A43 /* Frameworks */ = {
			isa = PBXFrameworksBuildPhase;
			buildActionMask = 2147483647;
			files = (
				B3B512BC2C9185E700E02A43 /* FirebaseAnalytics in Frameworks */,
				B3FA11BE2CAD9D40001A3805 /* Lottie in Frameworks */,
				B3B512BE2C9185E700E02A43 /* FirebaseAuth in Frameworks */,
				B3C3457B2CB535E9001294AA /* FirebaseCrashlytics in Frameworks */,
				B32CDD882C9C4DFE00F92244 /* Kingfisher in Frameworks */,
				B32CDD732C9BF02000F92244 /* FirebaseStorage in Frameworks */,
				B3B512C02C9185E700E02A43 /* FirebaseFirestore in Frameworks */,
			);
			runOnlyForDeploymentPostprocessing = 0;
		};
		B3FA11952CAA925A001A3805 /* Frameworks */ = {
			isa = PBXFrameworksBuildPhase;
			buildActionMask = 2147483647;
			files = (
				B3FA119C2CAA925A001A3805 /* SwiftUI.framework in Frameworks */,
				B3FA119A2CAA925A001A3805 /* WidgetKit.framework in Frameworks */,
			);
			runOnlyForDeploymentPostprocessing = 0;
		};
/* End PBXFrameworksBuildPhase section */

/* Begin PBXGroup section */
		B32CDD6F2C9BCD5500F92244 /* Model */ = {
			isa = PBXGroup;
			children = (
				B32CDD702C9BCD7F00F92244 /* WeeklyNutriModel.swift */,
			);
			path = Model;
			sourceTree = "<group>";
		};
		B32CDD742C9BF32300F92244 /* MealRecord */ = {
			isa = PBXGroup;
			children = (
				B32CDD772C9BF61100F92244 /* FoodRecordCell.swift */,
				B387D9712C9EC09E00CCC311 /* MealTitleView.swift */,
				B32CDD752C9BF3E700F92244 /* MealRecordCell.swift */,
				B313846B2CA53B28008272B0 /* FoodDetailCell.swift */,
				B313846D2CA55B5E008272B0 /* DeleteButtonCell.swift */,
				B31384692CA53A21008272B0 /* FoodDetailVC.swift */,
			);
			path = MealRecord;
			sourceTree = "<group>";
		};
		B3366C562CB43BC800C14D7F /* CalControlPlusTests */ = {
			isa = PBXGroup;
			children = (
				B3366C572CB43BC800C14D7F /* CalControlPlusTests.swift */,
			);
			path = CalControlPlusTests;
			sourceTree = "<group>";
		};
		B3644C3F2C948EF5005195AA /* Frameworks */ = {
			isa = PBXGroup;
			children = (
				B3FA11992CAA925A001A3805 /* WidgetKit.framework */,
				B3FA119B2CAA925A001A3805 /* SwiftUI.framework */,
			);
			name = Frameworks;
			sourceTree = "<group>";
		};
		B36C18A62C99D96700D9D1CC /* Dashboard */ = {
			isa = PBXGroup;
			children = (
				B36C18A52C99D96700D9D1CC /* DashboardVC.swift */,
				B387D96A2C9C811200CCC311 /* DashboardViewModel.swift */,
				B32CDD6F2C9BCD5500F92244 /* Model */,
				B36C19192C9B31A300D9D1CC /* View */,
				B387D9692C9C80E900CCC311 /* ViewModel */,
			);
			path = Dashboard;
			sourceTree = "<group>";
		};
		B36C18A92C99D96700D9D1CC /* Model */ = {
			isa = PBXGroup;
			children = (
				B36C18A72C99D96700D9D1CC /* FoodImageClassifier.mlmodel */,
				B36C18A82C99D96700D9D1CC /* FoodRecordModel.swift */,
				B3366C442CB13AEC00C14D7F /* FoodItem.xcdatamodeld */,
			);
			path = Model;
			sourceTree = "<group>";
		};
		B36C18AF2C99D96700D9D1CC /* View */ = {
			isa = PBXGroup;
			children = (
				B36C18AA2C99D96700D9D1CC /* NutritionFactsCell.swift */,
				B36C18AB2C99D96700D9D1CC /* NutritionImageCell.swift */,
				B36C18AC2C99D96700D9D1CC /* NutritionTitleCell.swift */,
				B36C18AD2C99D96700D9D1CC /* RecordTabBarController.swift */,
				B36C18AE2C99D96700D9D1CC /* TextViewCell.swift */,
				B3366C4B2CB1404D00C14D7F /* InputViewController.swift */,
			);
			path = View;
			sourceTree = "<group>";
		};
		B36C18B62C99D96700D9D1CC /* ViewController */ = {
			isa = PBXGroup;
			children = (
				B36C18B02C99D96700D9D1CC /* CameraVC.swift */,
				B36C18B42C99D96700D9D1CC /* PhotosVC.swift */,
				B36C18B52C99D96700D9D1CC /* TextVC.swift */,
				B36C18B12C99D96700D9D1CC /* CheckVC.swift */,
				B36C18B32C99D96700D9D1CC /* NutritionVC.swift */,
			);
			path = ViewController;
			sourceTree = "<group>";
		};
		B36C18B72C99D96700D9D1CC /* FoodRecord */ = {
			isa = PBXGroup;
			children = (
				B36C18A92C99D96700D9D1CC /* Model */,
				B36C18AF2C99D96700D9D1CC /* View */,
				B36C18B62C99D96700D9D1CC /* ViewController */,
			);
			path = FoodRecord;
			sourceTree = "<group>";
		};
		B36C18BC2C99D96700D9D1CC /* Home */ = {
			isa = PBXGroup;
			children = (
				B36C18B82C99D96700D9D1CC /* HomeVC.swift */,
				B32CDD7D2C9C492A00F92244 /* HomeViewModel.swift */,
				B36C19102C9AD59E00D9D1CC /* DailyAnalysis */,
				B36C190C2C9AD51500D9D1CC /* WaterRecord */,
				B32CDD742C9BF32300F92244 /* MealRecord */,
			);
			path = Home;
			sourceTree = "<group>";
		};
		B36C18C12C99D96700D9D1CC /* Manager */ = {
			isa = PBXGroup;
			children = (
				B3366C5E2CB4C51500C14D7F /* KeyboardManager.swift */,
				B36C18BD2C99D96700D9D1CC /* FirebaseManager.swift */,
				B36C18BE2C99D96700D9D1CC /* NutritionManager.swift */,
				B36C18BF2C99D96700D9D1CC /* TranslationAPI.swift */,
				B36C18C02C99D96700D9D1CC /* TranslationManager.swift */,
				B3366C422CB13ABC00C14D7F /* CoreDataManager.swift */,
			);
			path = Manager;
			sourceTree = "<group>";
		};
		B36C18D02C99D96700D9D1CC /* CalControlPlus */ = {
			isa = PBXGroup;
			children = (
				B3FA116D2CA69202001A3805 /* CalControlPlus.entitlements */,
				B36C18C22C99D96700D9D1CC /* AppDelegate.swift */,
				B36C18CE2C99D96700D9D1CC /* SceneDelegate.swift */,
				B3FA116E2CA6925D001A3805 /* SignInAndIntro */,
				B387D9702C9D242500CCC311 /* UserProfile */,
				B3FA11BF2CAD9DEF001A3805 /* Animation */,
				B36C19022C9A97E500D9D1CC /* Extension */,
				B3C345802CB8D1B5001294AA /* Utilities */,
				B36C18C12C99D96700D9D1CC /* Manager */,
				B387D9952CA14E6F00CCC311 /* Calculator */,
				B36C18BC2C99D96700D9D1CC /* Home */,
				B36C18A62C99D96700D9D1CC /* Dashboard */,
				B36C18B72C99D96700D9D1CC /* FoodRecord */,
				B36C18FC2C9A96E300D9D1CC /* FriendPage */,
				B36C18FD2C9A971900D9D1CC /* Profile */,
				B36C18C32C99D96700D9D1CC /* Assets.xcassets */,
				B36C18C72C99D96700D9D1CC /* GoogleService-Info.plist */,
				B36C18C82C99D96700D9D1CC /* Info.plist */,
				B36C18CC2C99D96700D9D1CC /* Main.storyboard */,
				B36C18C52C99D96700D9D1CC /* DietRecord.storyboard */,
				B36C18CA2C99D96700D9D1CC /* LaunchScreen.storyboard */,
			);
			path = CalControlPlus;
			sourceTree = "<group>";
		};
		B36C18FC2C9A96E300D9D1CC /* FriendPage */ = {
			isa = PBXGroup;
			children = (
				B387D9832CA0FAA100CCC311 /* Model */,
				B387D9822CA0FA9D00CCC311 /* View */,
				B387D9812CA0FA7C00CCC311 /* ViewModel */,
			);
			path = FriendPage;
			sourceTree = "<group>";
		};
		B36C18FD2C9A971900D9D1CC /* Profile */ = {
			isa = PBXGroup;
			children = (
				B387D9882CA0FAEF00CCC311 /* Model */,
				B387D9872CA0FAEB00CCC311 /* View */,
				B387D9862CA0FAE500CCC311 /* ViewController */,
			);
			path = Profile;
			sourceTree = "<group>";
		};
		B36C19022C9A97E500D9D1CC /* Extension */ = {
			isa = PBXGroup;
			children = (
				B36C18CF2C99D96700D9D1CC /* UIColorExtension.swift */,
				B36C18C62C99D96700D9D1CC /* DoubleExtension.swift */,
				B3C3457C2CB7E4E3001294AA /* UIImageExtension.swift */,
				B32CDD892C9C4E4500F92244 /* UIImageViewExtension.swift */,
				B387D99C2CA27DE400CCC311 /* UIViewExtension.swift */,
				B309F9042CA3E2A300414F5B /* UITableViewExtension.swift */,
			);
			path = Extension;
			sourceTree = "<group>";
		};
		B36C19052C9A982A00D9D1CC /* Model */ = {
			isa = PBXGroup;
			children = (
			);
			path = Model;
			sourceTree = "<group>";
		};
		B36C19062C9A983300D9D1CC /* ViewModel */ = {
			isa = PBXGroup;
			children = (
				B36C19132C9AD90000D9D1CC /* DailyAnalysisViewModel.swift */,
			);
			path = ViewModel;
			sourceTree = "<group>";
		};
		B36C19072C9A983B00D9D1CC /* View */ = {
			isa = PBXGroup;
			children = (
				B3FA11B22CAA9E27001A3805 /* DailyProgressView.swift */,
				B36C18B92C99D96700D9D1CC /* DailyAnalysisView.swift */,
				B36C19112C9AD60B00D9D1CC /* DailyAnalysisCell.swift */,
			);
			path = View;
			sourceTree = "<group>";
		};
		B36C190C2C9AD51500D9D1CC /* WaterRecord */ = {
			isa = PBXGroup;
			children = (
				B36C190F2C9AD52F00D9D1CC /* Model */,
				B36C190E2C9AD52500D9D1CC /* View */,
				B36C190D2C9AD51B00D9D1CC /* ViewModel */,
			);
			path = WaterRecord;
			sourceTree = "<group>";
		};
		B36C190D2C9AD51B00D9D1CC /* ViewModel */ = {
			isa = PBXGroup;
			children = (
				B36C190A2C9A9BE400D9D1CC /* WaterRecordViewModel.swift */,
			);
			path = ViewModel;
			sourceTree = "<group>";
		};
		B36C190E2C9AD52500D9D1CC /* View */ = {
			isa = PBXGroup;
			children = (
				B3FA11902CAA66B4001A3805 /* FillWaterView.swift */,
				B3FA11922CAA66CC001A3805 /* EmptyWaterView.swift */,
				B36C18BA2C99D96700D9D1CC /* WaterCupCell.swift */,
				B36C18BB2C99D96700D9D1CC /* WaterRecordCell.swift */,
			);
			path = View;
			sourceTree = "<group>";
		};
		B36C190F2C9AD52F00D9D1CC /* Model */ = {
			isa = PBXGroup;
			children = (
				B36C19082C9A99A800D9D1CC /* WaterRecordModel.swift */,
			);
			path = Model;
			sourceTree = "<group>";
		};
		B36C19102C9AD59E00D9D1CC /* DailyAnalysis */ = {
			isa = PBXGroup;
			children = (
				B36C19052C9A982A00D9D1CC /* Model */,
				B36C19072C9A983B00D9D1CC /* View */,
				B36C19062C9A983300D9D1CC /* ViewModel */,
			);
			path = DailyAnalysis;
			sourceTree = "<group>";
		};
		B36C19192C9B31A300D9D1CC /* View */ = {
			isa = PBXGroup;
			children = (
				B36C191C2C9B31E500D9D1CC /* WeeklyCalAnalysisView.swift */,
				B36C19172C9B318600D9D1CC /* WeeklyCalAnalysisCell.swift */,
				B32CDD6B2C9BC8E000F92244 /* WeeklyNutriAnalysisView.swift */,
				B32CDD6D2C9BC8F400F92244 /* WeeklyNutriAnalysisCell.swift */,
				B387D97B2CA0743000CCC311 /* WeightRecordView.swift */,
				B387D9792CA0741A00CCC311 /* WeightRecordCell.swift */,
				B31384672CA50D38008272B0 /* WeightRecordDetailCell.swift */,
				B31384652CA50C98008272B0 /* WeightRecordDetailVC.swift */,
			);
			path = View;
			sourceTree = "<group>";
		};
		B387D9692C9C80E900CCC311 /* ViewModel */ = {
			isa = PBXGroup;
			children = (
				B387D9732C9F269900CCC311 /* WeeklyAnalysisViewModel.swift */,
				B387D97D2CA07A8200CCC311 /* WeightRecordViewModel.swift */,
			);
			path = ViewModel;
			sourceTree = "<group>";
		};
		B387D9702C9D242500CCC311 /* UserProfile */ = {
			isa = PBXGroup;
			children = (
				B387D9672C9C7C7400CCC311 /* UserSettings.swift */,
				B387D96E2C9D231900CCC311 /* UserProfileViewModel.swift */,
			);
			path = UserProfile;
			sourceTree = "<group>";
		};
		B387D9812CA0FA7C00CCC311 /* ViewModel */ = {
			isa = PBXGroup;
			children = (
				B387D9912CA1491E00CCC311 /* FriendCardViewModel.swift */,
				B387D98D2CA1483100CCC311 /* FriendViewModel.swift */,
			);
			path = ViewModel;
			sourceTree = "<group>";
		};
		B387D9822CA0FA9D00CCC311 /* View */ = {
			isa = PBXGroup;
			children = (
				B36C18FE2C9A974600D9D1CC /* FriendVC.swift */,
				B387D97F2CA0FA7600CCC311 /* FriendCardCell.swift */,
				B313846F2CA59847008272B0 /* AddFriendVC.swift */,
				B31384712CA5ACA4008272B0 /* InputFriendIDVC.swift */,
				B31384732CA5ACB3008272B0 /* ShowQRCodeVC.swift */,
				B31384752CA5ACBD008272B0 /* ScanQRCodeVC.swift */,
			);
			path = View;
			sourceTree = "<group>";
		};
		B387D9832CA0FAA100CCC311 /* Model */ = {
			isa = PBXGroup;
			children = (
			);
			path = Model;
			sourceTree = "<group>";
		};
		B387D9862CA0FAE500CCC311 /* ViewController */ = {
			isa = PBXGroup;
			children = (
				B36C19002C9A979800D9D1CC /* ProfileVC.swift */,
				B323DC742CAEF1FD006C35AC /* FriendListVC.swift */,
				B323DC782CAF0F51006C35AC /* BlockListVC.swift */,
			);
			path = ViewController;
			sourceTree = "<group>";
		};
		B387D9872CA0FAEB00CCC311 /* View */ = {
			isa = PBXGroup;
			children = (
				B3FA11B62CABB8F9001A3805 /* DatePickerModal.swift */,
				B387D9982CA27AB000CCC311 /* PickerViewModal.swift */,
				B387D99A2CA27CB000CCC311 /* ModalVC.swift */,
				B387D9892CA0FB0F00CCC311 /* ProfileCell.swift */,
				B387D9962CA1B34100CCC311 /* UserBasicCardCell.swift */,
				B387D98B2CA0FB1A00CCC311 /* SettingCardCell.swift */,
				B323DC762CAEF2B6006C35AC /* FriendListCell.swift */,
			);
			path = View;
			sourceTree = "<group>";
		};
		B387D9882CA0FAEF00CCC311 /* Model */ = {
			isa = PBXGroup;
			children = (
				B387D99E2CA28B4E00CCC311 /* PickerModel.swift */,
			);
			path = Model;
			sourceTree = "<group>";
		};
		B387D9952CA14E6F00CCC311 /* Calculator */ = {
			isa = PBXGroup;
			children = (
				B387D9752CA0019C00CCC311 /* NutritionCalculator.swift */,
				B387D9932CA14E6200CCC311 /* UserSettingsCalculator.swift */,
			);
			path = Calculator;
			sourceTree = "<group>";
		};
		B3B5127C2C91682600E02A43 = {
			isa = PBXGroup;
			children = (
				B3FA11AC2CAA9761001A3805 /* CalControlWidgetExtension.entitlements */,
				B36C18D02C99D96700D9D1CC /* CalControlPlus */,
				B3FA119D2CAA925A001A3805 /* CalControlWidget */,
				B3366C562CB43BC800C14D7F /* CalControlPlusTests */,
				B3B512862C91682700E02A43 /* Products */,
				B3644C3F2C948EF5005195AA /* Frameworks */,
			);
			sourceTree = "<group>";
		};
		B3B512862C91682700E02A43 /* Products */ = {
			isa = PBXGroup;
			children = (
				B3B512852C91682700E02A43 /* CalControlPlus.app */,
				B3FA11982CAA925A001A3805 /* CalControlWidgetExtension.appex */,
				B3366C552CB43BC800C14D7F /* CalControlPlusTests.xctest */,
			);
			name = Products;
			sourceTree = "<group>";
		};
		B3C345802CB8D1B5001294AA /* Utilities */ = {
			isa = PBXGroup;
			children = (
				B3366C4F2CB3D38200C14D7F /* Logger.swift */,
				B3C3457E2CB8D1A3001294AA /* HapticFeedbackHelper.swift */,
				B3C345812CB8FD6C001294AA /* TemporaryAlert.swift */,
				B323DC702CAE997E006C35AC /* LoadingView.swift */,
				B36C18CD2C99D96700D9D1CC /* MainTabBarController.swift */,
				B36C18C42C99D96700D9D1CC /* BaseCardTableViewCell.swift */,
			);
			path = Utilities;
			sourceTree = "<group>";
		};
		B3FA116E2CA6925D001A3805 /* SignInAndIntro */ = {
			isa = PBXGroup;
			children = (
				B3FA11832CA85597001A3805 /* Model */,
				B3FA11862CA855D6001A3805 /* ViewController */,
			);
			path = SignInAndIntro;
			sourceTree = "<group>";
		};
		B3FA11832CA85597001A3805 /* Model */ = {
			isa = PBXGroup;
			children = (
				B3FA11842CA855B2001A3805 /* UserInfoCollector.swift */,
			);
			path = Model;
			sourceTree = "<group>";
		};
		B3FA11862CA855D6001A3805 /* ViewController */ = {
			isa = PBXGroup;
			children = (
				B3FA116F2CA69283001A3805 /* SignInVC.swift */,
				B3FA11B82CAD0FED001A3805 /* DataCollectionContainerVC.swift */,
				B3FA11732CA80488001A3805 /* InfoNameVC.swift */,
				B3FA11752CA8049C001A3805 /* InfoGenderVC.swift */,
				B3FA11772CA804B9001A3805 /* InfoBirthdayVC.swift */,
				B3FA11792CA804CE001A3805 /* InfoHeightVC.swift */,
				B3FA117B2CA804D8001A3805 /* InfoWeightVC.swift */,
				B3FA117D2CA804EA001A3805 /* InfoActivityVC.swift */,
				B3FA117F2CA804F6001A3805 /* InfoTargetVC.swift */,
				B3FA11812CA8050A001A3805 /* InfoStartVC.swift */,
			);
			path = ViewController;
			sourceTree = "<group>";
		};
		B3FA119D2CAA925A001A3805 /* CalControlWidget */ = {
			isa = PBXGroup;
			children = (
				B3FA119E2CAA925A001A3805 /* CalControlWidgetBundle.swift */,
				B3FA11A02CAA925A001A3805 /* CalControlWidget.swift */,
				B3FA11A22CAA925C001A3805 /* Assets.xcassets */,
				B3FA11A42CAA925C001A3805 /* Info.plist */,
			);
			path = CalControlWidget;
			sourceTree = "<group>";
		};
		B3FA11BF2CAD9DEF001A3805 /* Animation */ = {
			isa = PBXGroup;
			children = (
				B3FA11C12CAD9E31001A3805 /* ButtonAnimation.json */,
				B3FA11C22CAD9E31001A3805 /* PawLoadingAnimation.json */,
				B3FA11C02CAD9E31001A3805 /* PlusToXAnimation.json */,
				B3FA11C62CADA535001A3805 /* FoodLoadingAnimation.json */,
				B3FA11C72CADA535001A3805 /* RibbonAnimation.json */,
				B3FA11CA2CADA9C4001A3805 /* FoodCarouselAnimation.json */,
				B323DC722CAEEE34006C35AC /* toggleDayNightAnimation.json */,
			);
			path = Animation;
			sourceTree = "<group>";
		};
/* End PBXGroup section */

/* Begin PBXNativeTarget section */
		B3366C542CB43BC800C14D7F /* CalControlPlusTests */ = {
			isa = PBXNativeTarget;
			buildConfigurationList = B3366C5D2CB43BC800C14D7F /* Build configuration list for PBXNativeTarget "CalControlPlusTests" */;
			buildPhases = (
				B3366C512CB43BC800C14D7F /* Sources */,
				B3366C522CB43BC800C14D7F /* Frameworks */,
				B3366C532CB43BC800C14D7F /* Resources */,
			);
			buildRules = (
			);
			dependencies = (
				B3366C5A2CB43BC800C14D7F /* PBXTargetDependency */,
			);
			name = CalControlPlusTests;
			productName = CalControlPlusTests;
			productReference = B3366C552CB43BC800C14D7F /* CalControlPlusTests.xctest */;
			productType = "com.apple.product-type.bundle.unit-test";
		};
		B3B512842C91682700E02A43 /* CalControlPlus */ = {
			isa = PBXNativeTarget;
			buildConfigurationList = B3B512AF2C91682800E02A43 /* Build configuration list for PBXNativeTarget "CalControlPlus" */;
			buildPhases = (
				B3B512812C91682700E02A43 /* Sources */,
				B3B512822C91682700E02A43 /* Frameworks */,
				B3B512832C91682700E02A43 /* Resources */,
				B3644C3E2C9445EB005195AA /* SwiftLint */,
				B3FA11AB2CAA925C001A3805 /* Embed Foundation Extensions */,
				B3C345792CB52E3D001294AA /* Firebase Crashlytics */,
			);
			buildRules = (
			);
			dependencies = (
				B3FA11A62CAA925C001A3805 /* PBXTargetDependency */,
			);
			name = CalControlPlus;
			packageProductDependencies = (
				B3B512BB2C9185E700E02A43 /* FirebaseAnalytics */,
				B3B512BD2C9185E700E02A43 /* FirebaseAuth */,
				B3B512BF2C9185E700E02A43 /* FirebaseFirestore */,
				B32CDD722C9BF02000F92244 /* FirebaseStorage */,
				B32CDD872C9C4DFE00F92244 /* Kingfisher */,
				B3FA11BD2CAD9D40001A3805 /* Lottie */,
				B3C3457A2CB535E9001294AA /* FirebaseCrashlytics */,
			);
			productName = "CalControl+";
			productReference = B3B512852C91682700E02A43 /* CalControlPlus.app */;
			productType = "com.apple.product-type.application";
		};
		B3FA11972CAA925A001A3805 /* CalControlWidgetExtension */ = {
			isa = PBXNativeTarget;
			buildConfigurationList = B3FA11A82CAA925C001A3805 /* Build configuration list for PBXNativeTarget "CalControlWidgetExtension" */;
			buildPhases = (
				B3FA11942CAA925A001A3805 /* Sources */,
				B3FA11952CAA925A001A3805 /* Frameworks */,
				B3FA11962CAA925A001A3805 /* Resources */,
			);
			buildRules = (
			);
			dependencies = (
			);
			name = CalControlWidgetExtension;
			productName = CalControlWidgetExtension;
			productReference = B3FA11982CAA925A001A3805 /* CalControlWidgetExtension.appex */;
			productType = "com.apple.product-type.app-extension";
		};
/* End PBXNativeTarget section */

/* Begin PBXProject section */
		B3B5127D2C91682600E02A43 /* Project object */ = {
			isa = PBXProject;
			attributes = {
				BuildIndependentTargetsInParallel = 1;
				LastSwiftUpdateCheck = 1540;
				LastUpgradeCheck = 1540;
				TargetAttributes = {
					B3366C542CB43BC800C14D7F = {
						CreatedOnToolsVersion = 15.4;
						TestTargetID = B3B512842C91682700E02A43;
					};
					B3B512842C91682700E02A43 = {
						CreatedOnToolsVersion = 15.4;
					};
					B3FA11972CAA925A001A3805 = {
						CreatedOnToolsVersion = 15.4;
					};
				};
			};
			buildConfigurationList = B3B512802C91682600E02A43 /* Build configuration list for PBXProject "CalControlPlus" */;
			compatibilityVersion = "Xcode 14.0";
			developmentRegion = en;
			hasScannedForEncodings = 0;
			knownRegions = (
				en,
				Base,
			);
			mainGroup = B3B5127C2C91682600E02A43;
			packageReferences = (
				B3B512BA2C9185E700E02A43 /* XCRemoteSwiftPackageReference "firebase-ios-sdk" */,
				B32CDD862C9C4DFE00F92244 /* XCRemoteSwiftPackageReference "Kingfisher" */,
				B3FA11BC2CAD9D40001A3805 /* XCRemoteSwiftPackageReference "lottie-ios" */,
			);
			productRefGroup = B3B512862C91682700E02A43 /* Products */;
			projectDirPath = "";
			projectRoot = "";
			targets = (
				B3B512842C91682700E02A43 /* CalControlPlus */,
				B3FA11972CAA925A001A3805 /* CalControlWidgetExtension */,
				B3366C542CB43BC800C14D7F /* CalControlPlusTests */,
			);
		};
/* End PBXProject section */

/* Begin PBXResourcesBuildPhase section */
		B3366C532CB43BC800C14D7F /* Resources */ = {
			isa = PBXResourcesBuildPhase;
			buildActionMask = 2147483647;
			files = (
			);
			runOnlyForDeploymentPostprocessing = 0;
		};
		B3B512832C91682700E02A43 /* Resources */ = {
			isa = PBXResourcesBuildPhase;
			buildActionMask = 2147483647;
			files = (
				B3FA11CB2CADA9C4001A3805 /* FoodCarouselAnimation.json in Resources */,
				B36C18EC2C99D96700D9D1CC /* GoogleService-Info.plist in Resources */,
				B36C18EE2C99D96700D9D1CC /* LaunchScreen.storyboard in Resources */,
				B3FA11C32CAD9E31001A3805 /* PlusToXAnimation.json in Resources */,
				B36C18EF2C99D96700D9D1CC /* Main.storyboard in Resources */,
				B3FA11C92CADA535001A3805 /* RibbonAnimation.json in Resources */,
				B323DC732CAEEE34006C35AC /* toggleDayNightAnimation.json in Resources */,
				B36C18EA2C99D96700D9D1CC /* DietRecord.storyboard in Resources */,
				B36C18E82C99D96700D9D1CC /* Assets.xcassets in Resources */,
				B3FA11C52CAD9E31001A3805 /* PawLoadingAnimation.json in Resources */,
				B3FA11C42CAD9E31001A3805 /* ButtonAnimation.json in Resources */,
				B3FA11C82CADA535001A3805 /* FoodLoadingAnimation.json in Resources */,
			);
			runOnlyForDeploymentPostprocessing = 0;
		};
		B3FA11962CAA925A001A3805 /* Resources */ = {
			isa = PBXResourcesBuildPhase;
			buildActionMask = 2147483647;
			files = (
				B3FA11A32CAA925C001A3805 /* Assets.xcassets in Resources */,
			);
			runOnlyForDeploymentPostprocessing = 0;
		};
/* End PBXResourcesBuildPhase section */

/* Begin PBXShellScriptBuildPhase section */
		B3644C3E2C9445EB005195AA /* SwiftLint */ = {
			isa = PBXShellScriptBuildPhase;
			alwaysOutOfDate = 1;
			buildActionMask = 2147483647;
			files = (
			);
			inputFileListPaths = (
			);
			inputPaths = (
			);
			name = SwiftLint;
			outputFileListPaths = (
			);
			outputPaths = (
			);
			runOnlyForDeploymentPostprocessing = 0;
			shellPath = /bin/sh;
			shellScript = "export PATH=\"$PATH:/opt/homebrew/bin\"\n\n/opt/homebrew/bin/swiftlint\n";
		};
		B3C345792CB52E3D001294AA /* Firebase Crashlytics */ = {
			isa = PBXShellScriptBuildPhase;
			buildActionMask = 12;
			files = (
			);
			inputFileListPaths = (
			);
			inputPaths = (
				"${DWARF_DSYM_FOLDER_PATH}/${DWARF_DSYM_FILE_NAME}",
				"${DWARF_DSYM_FOLDER_PATH}/${DWARF_DSYM_FILE_NAME}/Contents/Resources/DWARF/${PRODUCT_NAME}",
				"${DWARF_DSYM_FOLDER_PATH}/${DWARF_DSYM_FILE_NAME}/Contents/Info.plist",
				"$(TARGET_BUILD_DIR)/$(UNLOCALIZED_RESOURCES_FOLDER_PATH)/GoogleService-Info.plist",
				"$(TARGET_BUILD_DIR)/$(EXECUTABLE_PATH)",
			);
			name = "Firebase Crashlytics";
			outputFileListPaths = (
			);
			outputPaths = (
			);
			runOnlyForDeploymentPostprocessing = 0;
			shellPath = /bin/sh;
			shellScript = "# Type a script or drag a script file from your workspace to insert its path.\n\"${BUILD_DIR%/Build/*}/SourcePackages/checkouts/firebase-ios-sdk/Crashlytics/run\"\n";
		};
/* End PBXShellScriptBuildPhase section */

/* Begin PBXSourcesBuildPhase section */
		B3366C512CB43BC800C14D7F /* Sources */ = {
			isa = PBXSourcesBuildPhase;
			buildActionMask = 2147483647;
			files = (
				B3366C582CB43BC800C14D7F /* CalControlPlusTests.swift in Sources */,
			);
			runOnlyForDeploymentPostprocessing = 0;
		};
		B3B512812C91682700E02A43 /* Sources */ = {
			isa = PBXSourcesBuildPhase;
			buildActionMask = 2147483647;
			files = (
				B387D99F2CA28B4E00CCC311 /* PickerModel.swift in Sources */,
				B3FA11742CA80488001A3805 /* InfoNameVC.swift in Sources */,
				B387D9762CA0019C00CCC311 /* NutritionCalculator.swift in Sources */,
				B36C19012C9A979800D9D1CC /* ProfileVC.swift in Sources */,
				B36C18DD2C99D96700D9D1CC /* PhotosVC.swift in Sources */,
				B3C3457F2CB8D1A3001294AA /* HapticFeedbackHelper.swift in Sources */,
				B36C18E22C99D96700D9D1CC /* WaterRecordCell.swift in Sources */,
				B32CDD7E2C9C492A00F92244 /* HomeViewModel.swift in Sources */,
				B3366C502CB3D38200C14D7F /* Logger.swift in Sources */,
				B387D97C2CA0743000CCC311 /* WeightRecordView.swift in Sources */,
				B36C190B2C9A9BE400D9D1CC /* WaterRecordViewModel.swift in Sources */,
				B36C18D22C99D96700D9D1CC /* FoodImageClassifier.mlmodel in Sources */,
				B3FA117C2CA804D8001A3805 /* InfoWeightVC.swift in Sources */,
				B32CDD8A2C9C4E4500F92244 /* UIImageViewExtension.swift in Sources */,
				B3FA11782CA804B9001A3805 /* InfoBirthdayVC.swift in Sources */,
				B36C18E02C99D96700D9D1CC /* DailyAnalysisView.swift in Sources */,
				B36C18DE2C99D96700D9D1CC /* TextVC.swift in Sources */,
				B3FA11802CA804F6001A3805 /* InfoTargetVC.swift in Sources */,
				B387D9922CA1491E00CCC311 /* FriendCardViewModel.swift in Sources */,
				B387D99D2CA27DE400CCC311 /* UIViewExtension.swift in Sources */,
				B3FA11822CA8050A001A3805 /* InfoStartVC.swift in Sources */,
				B32CDD782C9BF61100F92244 /* FoodRecordCell.swift in Sources */,
				B32CDD712C9BCD7F00F92244 /* WeeklyNutriModel.swift in Sources */,
				B387D9942CA14E6200CCC311 /* UserSettingsCalculator.swift in Sources */,
				B32CDD6C2C9BC8E000F92244 /* WeeklyNutriAnalysisView.swift in Sources */,
				B309F9052CA3E2A300414F5B /* UITableViewExtension.swift in Sources */,
				B36C19122C9AD60B00D9D1CC /* DailyAnalysisCell.swift in Sources */,
				B36C18D12C99D96700D9D1CC /* DashboardVC.swift in Sources */,
				B36C18D62C99D96700D9D1CC /* NutritionTitleCell.swift in Sources */,
				B323DC792CAF0F51006C35AC /* BlockListVC.swift in Sources */,
				B36C19092C9A99A800D9D1CC /* WaterRecordModel.swift in Sources */,
				B387D98A2CA0FB0F00CCC311 /* ProfileCell.swift in Sources */,
				B3366C5F2CB4C51500C14D7F /* KeyboardManager.swift in Sources */,
				B36C18E12C99D96700D9D1CC /* WaterCupCell.swift in Sources */,
				B36C18E72C99D96700D9D1CC /* AppDelegate.swift in Sources */,
				B36C18FF2C9A974600D9D1CC /* FriendVC.swift in Sources */,
				B36C18D82C99D96700D9D1CC /* TextViewCell.swift in Sources */,
				B387D96B2C9C811200CCC311 /* DashboardViewModel.swift in Sources */,
				B31384662CA50C98008272B0 /* WeightRecordDetailVC.swift in Sources */,
				B3FA11B92CAD0FED001A3805 /* DataCollectionContainerVC.swift in Sources */,
				B387D9682C9C7C7400CCC311 /* UserSettings.swift in Sources */,
				B3FA117A2CA804CE001A3805 /* InfoHeightVC.swift in Sources */,
				B3FA11762CA8049C001A3805 /* InfoGenderVC.swift in Sources */,
				B387D97E2CA07A8200CCC311 /* WeightRecordViewModel.swift in Sources */,
				B3366C432CB13ABC00C14D7F /* CoreDataManager.swift in Sources */,
				B387D96F2C9D231900CCC311 /* UserProfileViewModel.swift in Sources */,
				B3366C462CB13AEC00C14D7F /* FoodItem.xcdatamodeld in Sources */,
				B36C18D52C99D96700D9D1CC /* NutritionImageCell.swift in Sources */,
				B323DC772CAEF2B6006C35AC /* FriendListCell.swift in Sources */,
				B36C18F02C99D96700D9D1CC /* MainTabBarController.swift in Sources */,
				B32CDD6E2C9BC8F400F92244 /* WeeklyNutriAnalysisCell.swift in Sources */,
				B31384742CA5ACB3008272B0 /* ShowQRCodeVC.swift in Sources */,
				B36C18E42C99D96700D9D1CC /* NutritionManager.swift in Sources */,
				B313846C2CA53B28008272B0 /* FoodDetailCell.swift in Sources */,
				B313846A2CA53A21008272B0 /* FoodDetailVC.swift in Sources */,
				B36C18DF2C99D96700D9D1CC /* HomeVC.swift in Sources */,
				B36C18E62C99D96700D9D1CC /* TranslationManager.swift in Sources */,
				B36C18D42C99D96700D9D1CC /* NutritionFactsCell.swift in Sources */,
				B31384722CA5ACA4008272B0 /* InputFriendIDVC.swift in Sources */,
				B3FA11852CA855B2001A3805 /* UserInfoCollector.swift in Sources */,
				B36C19142C9AD90000D9D1CC /* DailyAnalysisViewModel.swift in Sources */,
				B387D9992CA27AB000CCC311 /* PickerViewModal.swift in Sources */,
				B3FA11B32CAA9E27001A3805 /* DailyProgressView.swift in Sources */,
				B3C345822CB8FD6C001294AA /* TemporaryAlert.swift in Sources */,
				B3FA11912CAA66B4001A3805 /* FillWaterView.swift in Sources */,
				B36C18D32C99D96700D9D1CC /* FoodRecordModel.swift in Sources */,
				B31384702CA59847008272B0 /* AddFriendVC.swift in Sources */,
				B36C18DA2C99D96700D9D1CC /* CheckVC.swift in Sources */,
				B36C18EB2C99D96700D9D1CC /* DoubleExtension.swift in Sources */,
				B323DC712CAE997E006C35AC /* LoadingView.swift in Sources */,
				B36C18D72C99D96700D9D1CC /* RecordTabBarController.swift in Sources */,
				B3FA11702CA69283001A3805 /* SignInVC.swift in Sources */,
				B387D9722C9EC09E00CCC311 /* MealTitleView.swift in Sources */,
				B36C18F12C99D96700D9D1CC /* SceneDelegate.swift in Sources */,
				B3FA11932CAA66CC001A3805 /* EmptyWaterView.swift in Sources */,
				B387D9802CA0FA7600CCC311 /* FriendCardCell.swift in Sources */,
				B36C18E92C99D96700D9D1CC /* BaseCardTableViewCell.swift in Sources */,
				B387D9972CA1B34100CCC311 /* UserBasicCardCell.swift in Sources */,
				B387D99B2CA27CB000CCC311 /* ModalVC.swift in Sources */,
				B387D98E2CA1483100CCC311 /* FriendViewModel.swift in Sources */,
				B313846E2CA55B5E008272B0 /* DeleteButtonCell.swift in Sources */,
				B36C18F22C99D96700D9D1CC /* UIColorExtension.swift in Sources */,
				B3FA11B72CABB8F9001A3805 /* DatePickerModal.swift in Sources */,
				B36C18E52C99D96700D9D1CC /* TranslationAPI.swift in Sources */,
				B3FA117E2CA804EA001A3805 /* InfoActivityVC.swift in Sources */,
				B387D98C2CA0FB1A00CCC311 /* SettingCardCell.swift in Sources */,
				B387D9742C9F269900CCC311 /* WeeklyAnalysisViewModel.swift in Sources */,
				B323DC752CAEF1FD006C35AC /* FriendListVC.swift in Sources */,
				B36C18DC2C99D96700D9D1CC /* NutritionVC.swift in Sources */,
				B36C18D92C99D96700D9D1CC /* CameraVC.swift in Sources */,
				B36C19182C9B318600D9D1CC /* WeeklyCalAnalysisCell.swift in Sources */,
				B31384762CA5ACBD008272B0 /* ScanQRCodeVC.swift in Sources */,
				B32CDD762C9BF3E700F92244 /* MealRecordCell.swift in Sources */,
				B36C18E32C99D96700D9D1CC /* FirebaseManager.swift in Sources */,
				B3C3457D2CB7E4E3001294AA /* UIImageExtension.swift in Sources */,
				B3366C4C2CB1404D00C14D7F /* InputViewController.swift in Sources */,
				B36C191D2C9B31E500D9D1CC /* WeeklyCalAnalysisView.swift in Sources */,
				B387D97A2CA0741A00CCC311 /* WeightRecordCell.swift in Sources */,
				B31384682CA50D38008272B0 /* WeightRecordDetailCell.swift in Sources */,
			);
			runOnlyForDeploymentPostprocessing = 0;
		};
		B3FA11942CAA925A001A3805 /* Sources */ = {
			isa = PBXSourcesBuildPhase;
			buildActionMask = 2147483647;
			files = (
				B3FA11A12CAA925A001A3805 /* CalControlWidget.swift in Sources */,
				B3FA11B42CAA9E27001A3805 /* DailyProgressView.swift in Sources */,
				B3FA119F2CAA925A001A3805 /* CalControlWidgetBundle.swift in Sources */,
			);
			runOnlyForDeploymentPostprocessing = 0;
		};
/* End PBXSourcesBuildPhase section */

/* Begin PBXTargetDependency section */
		B3366C5A2CB43BC800C14D7F /* PBXTargetDependency */ = {
			isa = PBXTargetDependency;
			target = B3B512842C91682700E02A43 /* CalControlPlus */;
			targetProxy = B3366C592CB43BC800C14D7F /* PBXContainerItemProxy */;
		};
		B3FA11A62CAA925C001A3805 /* PBXTargetDependency */ = {
			isa = PBXTargetDependency;
			target = B3FA11972CAA925A001A3805 /* CalControlWidgetExtension */;
			targetProxy = B3FA11A52CAA925C001A3805 /* PBXContainerItemProxy */;
		};
/* End PBXTargetDependency section */

/* Begin PBXVariantGroup section */
		B36C18CA2C99D96700D9D1CC /* LaunchScreen.storyboard */ = {
			isa = PBXVariantGroup;
			children = (
				B36C18C92C99D96700D9D1CC /* Base */,
			);
			name = LaunchScreen.storyboard;
			sourceTree = "<group>";
		};
		B36C18CC2C99D96700D9D1CC /* Main.storyboard */ = {
			isa = PBXVariantGroup;
			children = (
				B36C18CB2C99D96700D9D1CC /* Base */,
			);
			name = Main.storyboard;
			sourceTree = "<group>";
		};
/* End PBXVariantGroup section */

/* Begin XCBuildConfiguration section */
		B3366C5B2CB43BC800C14D7F /* Debug */ = {
			isa = XCBuildConfiguration;
			buildSettings = {
				BUNDLE_LOADER = "$(TEST_HOST)";
				CODE_SIGN_STYLE = Automatic;
				CURRENT_PROJECT_VERSION = 1;
				DEVELOPMENT_TEAM = V8MQ39JANS;
				ENABLE_USER_SCRIPT_SANDBOXING = YES;
				GENERATE_INFOPLIST_FILE = YES;
				IPHONEOS_DEPLOYMENT_TARGET = 17.5;
				MACOSX_DEPLOYMENT_TARGET = 14.3;
				MARKETING_VERSION = 1.0;
				PRODUCT_BUNDLE_IDENTIFIER = com.ruiintelligence.CalControlPlusTests;
				PRODUCT_NAME = "$(TARGET_NAME)";
				SDKROOT = auto;
				SUPPORTED_PLATFORMS = "iphoneos iphonesimulator macosx";
				SWIFT_EMIT_LOC_STRINGS = NO;
				SWIFT_VERSION = 5.0;
				TARGETED_DEVICE_FAMILY = "1,2";
				TEST_HOST = "$(BUILT_PRODUCTS_DIR)/CalControlPlus.app/$(BUNDLE_EXECUTABLE_FOLDER_PATH)/CalControlPlus";
			};
			name = Debug;
		};
		B3366C5C2CB43BC800C14D7F /* Release */ = {
			isa = XCBuildConfiguration;
			buildSettings = {
				BUNDLE_LOADER = "$(TEST_HOST)";
				CODE_SIGN_STYLE = Automatic;
				CURRENT_PROJECT_VERSION = 1;
				DEVELOPMENT_TEAM = V8MQ39JANS;
				ENABLE_USER_SCRIPT_SANDBOXING = YES;
				GENERATE_INFOPLIST_FILE = YES;
				IPHONEOS_DEPLOYMENT_TARGET = 17.5;
				MACOSX_DEPLOYMENT_TARGET = 14.3;
				MARKETING_VERSION = 1.0;
				PRODUCT_BUNDLE_IDENTIFIER = com.ruiintelligence.CalControlPlusTests;
				PRODUCT_NAME = "$(TARGET_NAME)";
				SDKROOT = auto;
				SUPPORTED_PLATFORMS = "iphoneos iphonesimulator macosx";
				SWIFT_EMIT_LOC_STRINGS = NO;
				SWIFT_VERSION = 5.0;
				TARGETED_DEVICE_FAMILY = "1,2";
				TEST_HOST = "$(BUILT_PRODUCTS_DIR)/CalControlPlus.app/$(BUNDLE_EXECUTABLE_FOLDER_PATH)/CalControlPlus";
			};
			name = Release;
		};
		B3B512AD2C91682800E02A43 /* Debug */ = {
			isa = XCBuildConfiguration;
			buildSettings = {
				ALWAYS_SEARCH_USER_PATHS = NO;
				ASSETCATALOG_COMPILER_GENERATE_SWIFT_ASSET_SYMBOL_EXTENSIONS = YES;
				CLANG_ANALYZER_NONNULL = YES;
				CLANG_ANALYZER_NUMBER_OBJECT_CONVERSION = YES_AGGRESSIVE;
				CLANG_CXX_LANGUAGE_STANDARD = "gnu++20";
				CLANG_ENABLE_MODULES = YES;
				CLANG_ENABLE_OBJC_ARC = YES;
				CLANG_ENABLE_OBJC_WEAK = YES;
				CLANG_WARN_BLOCK_CAPTURE_AUTORELEASING = YES;
				CLANG_WARN_BOOL_CONVERSION = YES;
				CLANG_WARN_COMMA = YES;
				CLANG_WARN_CONSTANT_CONVERSION = YES;
				CLANG_WARN_DEPRECATED_OBJC_IMPLEMENTATIONS = YES;
				CLANG_WARN_DIRECT_OBJC_ISA_USAGE = YES_ERROR;
				CLANG_WARN_DOCUMENTATION_COMMENTS = YES;
				CLANG_WARN_EMPTY_BODY = YES;
				CLANG_WARN_ENUM_CONVERSION = YES;
				CLANG_WARN_INFINITE_RECURSION = YES;
				CLANG_WARN_INT_CONVERSION = YES;
				CLANG_WARN_NON_LITERAL_NULL_CONVERSION = YES;
				CLANG_WARN_OBJC_IMPLICIT_RETAIN_SELF = YES;
				CLANG_WARN_OBJC_LITERAL_CONVERSION = YES;
				CLANG_WARN_OBJC_ROOT_CLASS = YES_ERROR;
				CLANG_WARN_QUOTED_INCLUDE_IN_FRAMEWORK_HEADER = YES;
				CLANG_WARN_RANGE_LOOP_ANALYSIS = YES;
				CLANG_WARN_STRICT_PROTOTYPES = YES;
				CLANG_WARN_SUSPICIOUS_MOVE = YES;
				CLANG_WARN_UNGUARDED_AVAILABILITY = YES_AGGRESSIVE;
				CLANG_WARN_UNREACHABLE_CODE = YES;
				CLANG_WARN__DUPLICATE_METHOD_MATCH = YES;
				COPY_PHASE_STRIP = NO;
				DEBUG_INFORMATION_FORMAT = dwarf;
				ENABLE_STRICT_OBJC_MSGSEND = YES;
				ENABLE_TESTABILITY = YES;
				ENABLE_USER_SCRIPT_SANDBOXING = NO;
				GCC_C_LANGUAGE_STANDARD = gnu17;
				GCC_DYNAMIC_NO_PIC = NO;
				GCC_NO_COMMON_BLOCKS = YES;
				GCC_OPTIMIZATION_LEVEL = 0;
				GCC_PREPROCESSOR_DEFINITIONS = (
					"DEBUG=1",
					"$(inherited)",
				);
				GCC_WARN_64_TO_32_BIT_CONVERSION = YES;
				GCC_WARN_ABOUT_RETURN_TYPE = YES_ERROR;
				GCC_WARN_UNDECLARED_SELECTOR = YES;
				GCC_WARN_UNINITIALIZED_AUTOS = YES_AGGRESSIVE;
				GCC_WARN_UNUSED_FUNCTION = YES;
				GCC_WARN_UNUSED_VARIABLE = YES;
				IPHONEOS_DEPLOYMENT_TARGET = 17.0;
				LOCALIZATION_PREFERS_STRING_CATALOGS = YES;
				MTL_ENABLE_DEBUG_INFO = INCLUDE_SOURCE;
				MTL_FAST_MATH = YES;
				ONLY_ACTIVE_ARCH = YES;
				SDKROOT = iphoneos;
				SWIFT_ACTIVE_COMPILATION_CONDITIONS = "DEBUG $(inherited)";
				SWIFT_OPTIMIZATION_LEVEL = "-Onone";
			};
			name = Debug;
		};
		B3B512AE2C91682800E02A43 /* Release */ = {
			isa = XCBuildConfiguration;
			buildSettings = {
				ALWAYS_SEARCH_USER_PATHS = NO;
				ASSETCATALOG_COMPILER_GENERATE_SWIFT_ASSET_SYMBOL_EXTENSIONS = YES;
				CLANG_ANALYZER_NONNULL = YES;
				CLANG_ANALYZER_NUMBER_OBJECT_CONVERSION = YES_AGGRESSIVE;
				CLANG_CXX_LANGUAGE_STANDARD = "gnu++20";
				CLANG_ENABLE_MODULES = YES;
				CLANG_ENABLE_OBJC_ARC = YES;
				CLANG_ENABLE_OBJC_WEAK = YES;
				CLANG_WARN_BLOCK_CAPTURE_AUTORELEASING = YES;
				CLANG_WARN_BOOL_CONVERSION = YES;
				CLANG_WARN_COMMA = YES;
				CLANG_WARN_CONSTANT_CONVERSION = YES;
				CLANG_WARN_DEPRECATED_OBJC_IMPLEMENTATIONS = YES;
				CLANG_WARN_DIRECT_OBJC_ISA_USAGE = YES_ERROR;
				CLANG_WARN_DOCUMENTATION_COMMENTS = YES;
				CLANG_WARN_EMPTY_BODY = YES;
				CLANG_WARN_ENUM_CONVERSION = YES;
				CLANG_WARN_INFINITE_RECURSION = YES;
				CLANG_WARN_INT_CONVERSION = YES;
				CLANG_WARN_NON_LITERAL_NULL_CONVERSION = YES;
				CLANG_WARN_OBJC_IMPLICIT_RETAIN_SELF = YES;
				CLANG_WARN_OBJC_LITERAL_CONVERSION = YES;
				CLANG_WARN_OBJC_ROOT_CLASS = YES_ERROR;
				CLANG_WARN_QUOTED_INCLUDE_IN_FRAMEWORK_HEADER = YES;
				CLANG_WARN_RANGE_LOOP_ANALYSIS = YES;
				CLANG_WARN_STRICT_PROTOTYPES = YES;
				CLANG_WARN_SUSPICIOUS_MOVE = YES;
				CLANG_WARN_UNGUARDED_AVAILABILITY = YES_AGGRESSIVE;
				CLANG_WARN_UNREACHABLE_CODE = YES;
				CLANG_WARN__DUPLICATE_METHOD_MATCH = YES;
				COPY_PHASE_STRIP = NO;
				DEBUG_INFORMATION_FORMAT = "dwarf-with-dsym";
				ENABLE_NS_ASSERTIONS = NO;
				ENABLE_STRICT_OBJC_MSGSEND = YES;
				ENABLE_USER_SCRIPT_SANDBOXING = NO;
				GCC_C_LANGUAGE_STANDARD = gnu17;
				GCC_NO_COMMON_BLOCKS = YES;
				GCC_WARN_64_TO_32_BIT_CONVERSION = YES;
				GCC_WARN_ABOUT_RETURN_TYPE = YES_ERROR;
				GCC_WARN_UNDECLARED_SELECTOR = YES;
				GCC_WARN_UNINITIALIZED_AUTOS = YES_AGGRESSIVE;
				GCC_WARN_UNUSED_FUNCTION = YES;
				GCC_WARN_UNUSED_VARIABLE = YES;
				IPHONEOS_DEPLOYMENT_TARGET = 17.0;
				LOCALIZATION_PREFERS_STRING_CATALOGS = YES;
				MTL_ENABLE_DEBUG_INFO = NO;
				MTL_FAST_MATH = YES;
				SDKROOT = iphoneos;
				SWIFT_COMPILATION_MODE = wholemodule;
				VALIDATE_PRODUCT = YES;
			};
			name = Release;
		};
		B3B512B02C91682800E02A43 /* Debug */ = {
			isa = XCBuildConfiguration;
			buildSettings = {
				ALWAYS_EMBED_SWIFT_STANDARD_LIBRARIES = YES;
				ASSETCATALOG_COMPILER_APPICON_NAME = AppIcon;
				ASSETCATALOG_COMPILER_GLOBAL_ACCENT_COLOR_NAME = AccentColor;
				CODE_SIGN_ENTITLEMENTS = CalControlPlus/CalControlPlus.entitlements;
				CODE_SIGN_STYLE = Automatic;
				CURRENT_PROJECT_VERSION = 1;
				DEBUG_INFORMATION_FORMAT = "dwarf-with-dsym";
				DEVELOPMENT_TEAM = V8MQ39JANS;
				GENERATE_INFOPLIST_FILE = YES;
				INFOPLIST_FILE = CalControlPlus/Info.plist;
				INFOPLIST_KEY_UIApplicationSupportsIndirectInputEvents = YES;
				INFOPLIST_KEY_UILaunchStoryboardName = LaunchScreen;
				INFOPLIST_KEY_UIMainStoryboardFile = Main;
				INFOPLIST_KEY_UISupportedInterfaceOrientations_iPad = "UIInterfaceOrientationPortrait UIInterfaceOrientationPortraitUpsideDown UIInterfaceOrientationLandscapeLeft UIInterfaceOrientationLandscapeRight";
				INFOPLIST_KEY_UISupportedInterfaceOrientations_iPhone = "UIInterfaceOrientationPortrait UIInterfaceOrientationLandscapeLeft UIInterfaceOrientationLandscapeRight";
				IPHONEOS_DEPLOYMENT_TARGET = 17.0;
				LD_RUNPATH_SEARCH_PATHS = (
					"$(inherited)",
					"@executable_path/Frameworks",
				);
				MARKETING_VERSION = 1.1;
				OTHER_LDFLAGS = "-ObjC";
				PRODUCT_BUNDLE_IDENTIFIER = com.ruiintelligence.CalControlPlus;
				PRODUCT_NAME = "$(TARGET_NAME)";
				SUPPORTED_PLATFORMS = "iphoneos iphonesimulator";
				SUPPORTS_MACCATALYST = NO;
				SUPPORTS_MAC_DESIGNED_FOR_IPHONE_IPAD = NO;
				SUPPORTS_XR_DESIGNED_FOR_IPHONE_IPAD = NO;
				SWIFT_EMIT_LOC_STRINGS = YES;
				SWIFT_VERSION = 5.0;
				TARGETED_DEVICE_FAMILY = 1;
			};
			name = Debug;
		};
		B3B512B12C91682800E02A43 /* Release */ = {
			isa = XCBuildConfiguration;
			buildSettings = {
				ALWAYS_EMBED_SWIFT_STANDARD_LIBRARIES = YES;
				ASSETCATALOG_COMPILER_APPICON_NAME = AppIcon;
				ASSETCATALOG_COMPILER_GLOBAL_ACCENT_COLOR_NAME = AccentColor;
				CODE_SIGN_ENTITLEMENTS = CalControlPlus/CalControlPlus.entitlements;
				CODE_SIGN_STYLE = Automatic;
				CURRENT_PROJECT_VERSION = 1;
				DEVELOPMENT_TEAM = V8MQ39JANS;
				GCC_OPTIMIZATION_LEVEL = s;
				GENERATE_INFOPLIST_FILE = YES;
				INFOPLIST_FILE = CalControlPlus/Info.plist;
				INFOPLIST_KEY_UIApplicationSupportsIndirectInputEvents = YES;
				INFOPLIST_KEY_UILaunchStoryboardName = LaunchScreen;
				INFOPLIST_KEY_UIMainStoryboardFile = Main;
				INFOPLIST_KEY_UISupportedInterfaceOrientations_iPad = "UIInterfaceOrientationPortrait UIInterfaceOrientationPortraitUpsideDown UIInterfaceOrientationLandscapeLeft UIInterfaceOrientationLandscapeRight";
				INFOPLIST_KEY_UISupportedInterfaceOrientations_iPhone = "UIInterfaceOrientationPortrait UIInterfaceOrientationLandscapeLeft UIInterfaceOrientationLandscapeRight";
				IPHONEOS_DEPLOYMENT_TARGET = 17.0;
				LD_RUNPATH_SEARCH_PATHS = (
					"$(inherited)",
					"@executable_path/Frameworks",
				);
				MARKETING_VERSION = 1.1;
				OTHER_LDFLAGS = "-ObjC";
				PRODUCT_BUNDLE_IDENTIFIER = com.ruiintelligence.CalControlPlus;
				PRODUCT_NAME = "$(TARGET_NAME)";
				SUPPORTED_PLATFORMS = "iphoneos iphonesimulator";
				SUPPORTS_MACCATALYST = NO;
				SUPPORTS_MAC_DESIGNED_FOR_IPHONE_IPAD = NO;
				SUPPORTS_XR_DESIGNED_FOR_IPHONE_IPAD = NO;
				SWIFT_EMIT_LOC_STRINGS = YES;
				SWIFT_OPTIMIZATION_LEVEL = "-O";
				SWIFT_VERSION = 5.0;
				TARGETED_DEVICE_FAMILY = 1;
			};
			name = Release;
		};
		B3FA11A92CAA925C001A3805 /* Debug */ = {
			isa = XCBuildConfiguration;
			buildSettings = {
				ASSETCATALOG_COMPILER_GLOBAL_ACCENT_COLOR_NAME = AccentColor;
				ASSETCATALOG_COMPILER_WIDGET_BACKGROUND_COLOR_NAME = WidgetBackground;
				CODE_SIGN_ENTITLEMENTS = CalControlWidgetExtension.entitlements;
				CODE_SIGN_STYLE = Automatic;
				CURRENT_PROJECT_VERSION = 1;
				DEVELOPMENT_TEAM = V8MQ39JANS;
				ENABLE_USER_SCRIPT_SANDBOXING = YES;
				GENERATE_INFOPLIST_FILE = YES;
				INFOPLIST_FILE = CalControlWidget/Info.plist;
				INFOPLIST_KEY_CFBundleDisplayName = CalControlWidget;
				INFOPLIST_KEY_NSHumanReadableCopyright = "";
				IPHONEOS_DEPLOYMENT_TARGET = 17.5;
				LD_RUNPATH_SEARCH_PATHS = (
					"$(inherited)",
					"@executable_path/Frameworks",
					"@executable_path/../../Frameworks",
				);
				MARKETING_VERSION = 1.0;
				PRODUCT_BUNDLE_IDENTIFIER = com.ruiintelligence.CalControlPlus.CalControlWidget;
				PRODUCT_NAME = "$(TARGET_NAME)";
				SKIP_INSTALL = YES;
				SWIFT_EMIT_LOC_STRINGS = YES;
				SWIFT_VERSION = 5.0;
				TARGETED_DEVICE_FAMILY = "1,2";
			};
			name = Debug;
		};
		B3FA11AA2CAA925C001A3805 /* Release */ = {
			isa = XCBuildConfiguration;
			buildSettings = {
				ASSETCATALOG_COMPILER_GLOBAL_ACCENT_COLOR_NAME = AccentColor;
				ASSETCATALOG_COMPILER_WIDGET_BACKGROUND_COLOR_NAME = WidgetBackground;
				CODE_SIGN_ENTITLEMENTS = CalControlWidgetExtension.entitlements;
				CODE_SIGN_STYLE = Automatic;
				CURRENT_PROJECT_VERSION = 1;
				DEVELOPMENT_TEAM = V8MQ39JANS;
				ENABLE_USER_SCRIPT_SANDBOXING = YES;
				GENERATE_INFOPLIST_FILE = YES;
				INFOPLIST_FILE = CalControlWidget/Info.plist;
				INFOPLIST_KEY_CFBundleDisplayName = CalControlWidget;
				INFOPLIST_KEY_NSHumanReadableCopyright = "";
				IPHONEOS_DEPLOYMENT_TARGET = 17.5;
				LD_RUNPATH_SEARCH_PATHS = (
					"$(inherited)",
					"@executable_path/Frameworks",
					"@executable_path/../../Frameworks",
				);
				MARKETING_VERSION = 1.0;
				PRODUCT_BUNDLE_IDENTIFIER = com.ruiintelligence.CalControlPlus.CalControlWidget;
				PRODUCT_NAME = "$(TARGET_NAME)";
				SKIP_INSTALL = YES;
				SWIFT_EMIT_LOC_STRINGS = YES;
				SWIFT_VERSION = 5.0;
				TARGETED_DEVICE_FAMILY = "1,2";
			};
			name = Release;
		};
/* End XCBuildConfiguration section */

/* Begin XCConfigurationList section */
		B3366C5D2CB43BC800C14D7F /* Build configuration list for PBXNativeTarget "CalControlPlusTests" */ = {
			isa = XCConfigurationList;
			buildConfigurations = (
				B3366C5B2CB43BC800C14D7F /* Debug */,
				B3366C5C2CB43BC800C14D7F /* Release */,
			);
			defaultConfigurationIsVisible = 0;
			defaultConfigurationName = Release;
		};
		B3B512802C91682600E02A43 /* Build configuration list for PBXProject "CalControlPlus" */ = {
			isa = XCConfigurationList;
			buildConfigurations = (
				B3B512AD2C91682800E02A43 /* Debug */,
				B3B512AE2C91682800E02A43 /* Release */,
			);
			defaultConfigurationIsVisible = 0;
			defaultConfigurationName = Release;
		};
		B3B512AF2C91682800E02A43 /* Build configuration list for PBXNativeTarget "CalControlPlus" */ = {
			isa = XCConfigurationList;
			buildConfigurations = (
				B3B512B02C91682800E02A43 /* Debug */,
				B3B512B12C91682800E02A43 /* Release */,
			);
			defaultConfigurationIsVisible = 0;
			defaultConfigurationName = Release;
		};
		B3FA11A82CAA925C001A3805 /* Build configuration list for PBXNativeTarget "CalControlWidgetExtension" */ = {
			isa = XCConfigurationList;
			buildConfigurations = (
				B3FA11A92CAA925C001A3805 /* Debug */,
				B3FA11AA2CAA925C001A3805 /* Release */,
			);
			defaultConfigurationIsVisible = 0;
			defaultConfigurationName = Release;
		};
/* End XCConfigurationList section */

/* Begin XCRemoteSwiftPackageReference section */
		B32CDD862C9C4DFE00F92244 /* XCRemoteSwiftPackageReference "Kingfisher" */ = {
			isa = XCRemoteSwiftPackageReference;
			repositoryURL = "https://github.com/onevcat/Kingfisher.git";
			requirement = {
				kind = upToNextMajorVersion;
				minimumVersion = 8.0.1;
			};
		};
		B3B512BA2C9185E700E02A43 /* XCRemoteSwiftPackageReference "firebase-ios-sdk" */ = {
			isa = XCRemoteSwiftPackageReference;
			repositoryURL = "https://github.com/firebase/firebase-ios-sdk.git";
			requirement = {
				kind = upToNextMajorVersion;
				minimumVersion = 11.2.0;
			};
		};
		B3FA11BC2CAD9D40001A3805 /* XCRemoteSwiftPackageReference "lottie-ios" */ = {
			isa = XCRemoteSwiftPackageReference;
			repositoryURL = "https://github.com/airbnb/lottie-ios";
			requirement = {
				kind = upToNextMajorVersion;
				minimumVersion = 4.5.0;
			};
		};
/* End XCRemoteSwiftPackageReference section */

/* Begin XCSwiftPackageProductDependency section */
		B32CDD722C9BF02000F92244 /* FirebaseStorage */ = {
			isa = XCSwiftPackageProductDependency;
			package = B3B512BA2C9185E700E02A43 /* XCRemoteSwiftPackageReference "firebase-ios-sdk" */;
			productName = FirebaseStorage;
		};
		B32CDD872C9C4DFE00F92244 /* Kingfisher */ = {
			isa = XCSwiftPackageProductDependency;
			package = B32CDD862C9C4DFE00F92244 /* XCRemoteSwiftPackageReference "Kingfisher" */;
			productName = Kingfisher;
		};
		B3B512BB2C9185E700E02A43 /* FirebaseAnalytics */ = {
			isa = XCSwiftPackageProductDependency;
			package = B3B512BA2C9185E700E02A43 /* XCRemoteSwiftPackageReference "firebase-ios-sdk" */;
			productName = FirebaseAnalytics;
		};
		B3B512BD2C9185E700E02A43 /* FirebaseAuth */ = {
			isa = XCSwiftPackageProductDependency;
			package = B3B512BA2C9185E700E02A43 /* XCRemoteSwiftPackageReference "firebase-ios-sdk" */;
			productName = FirebaseAuth;
		};
		B3B512BF2C9185E700E02A43 /* FirebaseFirestore */ = {
			isa = XCSwiftPackageProductDependency;
			package = B3B512BA2C9185E700E02A43 /* XCRemoteSwiftPackageReference "firebase-ios-sdk" */;
			productName = FirebaseFirestore;
		};
		B3C3457A2CB535E9001294AA /* FirebaseCrashlytics */ = {
			isa = XCSwiftPackageProductDependency;
			package = B3B512BA2C9185E700E02A43 /* XCRemoteSwiftPackageReference "firebase-ios-sdk" */;
			productName = FirebaseCrashlytics;
		};
		B3FA11BD2CAD9D40001A3805 /* Lottie */ = {
			isa = XCSwiftPackageProductDependency;
			package = B3FA11BC2CAD9D40001A3805 /* XCRemoteSwiftPackageReference "lottie-ios" */;
			productName = Lottie;
		};
/* End XCSwiftPackageProductDependency section */

/* Begin XCVersionGroup section */
		B3366C442CB13AEC00C14D7F /* FoodItem.xcdatamodeld */ = {
			isa = XCVersionGroup;
			children = (
				B3366C452CB13AEC00C14D7F /* FoodItem.xcdatamodel */,
			);
			currentVersion = B3366C452CB13AEC00C14D7F /* FoodItem.xcdatamodel */;
			path = FoodItem.xcdatamodeld;
			sourceTree = "<group>";
			versionGroupType = wrapper.xcdatamodel;
		};
/* End XCVersionGroup section */
	};
	rootObject = B3B5127D2C91682600E02A43 /* Project object */;
}
